// !$*UTF8*$!
{
	archiveVersion = 1;
	classes = {
	};
	objectVersion = 52;
	objects = {

/* Begin PBXBuildFile section */
		727C145F78D60CBE2D20FEF0 /* Pods_Alexandria_AlexandriaUITests.framework in Frameworks */ = {isa = PBXBuildFile; fileRef = B572DFBE6E0992CECECB422E /* Pods_Alexandria_AlexandriaUITests.framework */; };
		81021C9724EF31FD00075B54 /* MyVaultsCollectionViewCell.swift in Sources */ = {isa = PBXBuildFile; fileRef = 81021C9524EF31FD00075B54 /* MyVaultsCollectionViewCell.swift */; };
		81021C9824EF31FD00075B54 /* MyVaultsCollectionViewCell.xib in Resources */ = {isa = PBXBuildFile; fileRef = 81021C9624EF31FD00075B54 /* MyVaultsCollectionViewCell.xib */; };
		81021C9A24EF39C400075B54 /* MyVaultsManager.swift in Sources */ = {isa = PBXBuildFile; fileRef = 81021C9924EF39C400075B54 /* MyVaultsManager.swift */; };
		81021C9C24EF941100075B54 /* VaultDisplayable.swift in Sources */ = {isa = PBXBuildFile; fileRef = 81021C9B24EF941100075B54 /* VaultDisplayable.swift */; };
		81021CA224F0DD8900075B54 /* AddItemVaultCell.swift in Sources */ = {isa = PBXBuildFile; fileRef = 81021CA024F0DD8800075B54 /* AddItemVaultCell.swift */; };
		81021CA324F0DFC500075B54 /* AddItemVaultCell.xib in Resources */ = {isa = PBXBuildFile; fileRef = 81021CA124F0DD8800075B54 /* AddItemVaultCell.xib */; };
		81021CA724F1736D00075B54 /* NewVaultSetViewController.swift in Sources */ = {isa = PBXBuildFile; fileRef = 81021CA624F1736D00075B54 /* NewVaultSetViewController.swift */; };
		81021CA924F173B700075B54 /* NewNotebookViewController.swift in Sources */ = {isa = PBXBuildFile; fileRef = 81021CA824F173B700075B54 /* NewNotebookViewController.swift */; };
		81021CAB24F17C3300075B54 /* ItemChangerDelegate.swift in Sources */ = {isa = PBXBuildFile; fileRef = 81021CAA24F17C3200075B54 /* ItemChangerDelegate.swift */; };
		81021CAD24F180BD00075B54 /* NewVaultSetManager.swift in Sources */ = {isa = PBXBuildFile; fileRef = 81021CAC24F180BD00075B54 /* NewVaultSetManager.swift */; };
		81021CB324F1899100075B54 /* NewVaultSetDone.swift in Sources */ = {isa = PBXBuildFile; fileRef = 81021CB124F1891A00075B54 /* NewVaultSetDone.swift */; };
		81021CB424F1899500075B54 /* NewVaultSetDone.xib in Resources */ = {isa = PBXBuildFile; fileRef = 81021CB224F1891A00075B54 /* NewVaultSetDone.xib */; };
		81021CB724F1CDCA00075B54 /* DefaultColorCell.swift in Sources */ = {isa = PBXBuildFile; fileRef = 81021CB524F1CDCA00075B54 /* DefaultColorCell.swift */; };
		81021CB824F1CDCA00075B54 /* DefaultColorCell.xib in Resources */ = {isa = PBXBuildFile; fileRef = 81021CB624F1CDCA00075B54 /* DefaultColorCell.xib */; };
		81021CBD24F1CE2D00075B54 /* ColorPickerViewController.swift in Sources */ = {isa = PBXBuildFile; fileRef = 81021CBC24F1CE2D00075B54 /* ColorPickerViewController.swift */; };
		81021CBF24F1CE5A00075B54 /* ColorPickerManager.swift in Sources */ = {isa = PBXBuildFile; fileRef = 81021CBE24F1CE5A00075B54 /* ColorPickerManager.swift */; };
		811A409524B1A8AA0056A395 /* ShelfListCell.swift in Sources */ = {isa = PBXBuildFile; fileRef = 811A409324B1A8AA0056A395 /* ShelfListCell.swift */; };
		811A409624B1A8AA0056A395 /* ShelfListCell.xib in Resources */ = {isa = PBXBuildFile; fileRef = 811A409424B1A8AA0056A395 /* ShelfListCell.xib */; };
		811A409924B1A8C60056A395 /* ShelvesListTitleCell.swift in Sources */ = {isa = PBXBuildFile; fileRef = 811A409724B1A8C60056A395 /* ShelvesListTitleCell.swift */; };
		811A409A24B1A8C60056A395 /* ShelvesListTitleCell.xib in Resources */ = {isa = PBXBuildFile; fileRef = 811A409824B1A8C60056A395 /* ShelvesListTitleCell.xib */; };
		811A409D24B1ABDE0056A395 /* MyShelvesManager.swift in Sources */ = {isa = PBXBuildFile; fileRef = 811A409C24B1ABDE0056A395 /* MyShelvesManager.swift */; };
		811A409F24B302F00056A395 /* MyShelvesTableView.swift in Sources */ = {isa = PBXBuildFile; fileRef = 811A409E24B302EF0056A395 /* MyShelvesTableView.swift */; };
		811A40A124B3AC850056A395 /* GoogleService-Info.plist in Resources */ = {isa = PBXBuildFile; fileRef = 811A40A024B3AC850056A395 /* GoogleService-Info.plist */; };
		811A40A324B4E7A40056A395 /* RegisterUserManager.swift in Sources */ = {isa = PBXBuildFile; fileRef = 811A40A224B4E7A40056A395 /* RegisterUserManager.swift */; };
		811A40A624B588340056A395 /* GoogleDriveTools.swift in Sources */ = {isa = PBXBuildFile; fileRef = 811A40A524B588340056A395 /* GoogleDriveTools.swift */; };
		811A40A924BCFAD70056A395 /* AddNewFileViewController.swift in Sources */ = {isa = PBXBuildFile; fileRef = 811A40A824BCFAD70056A395 /* AddNewFileViewController.swift */; };
		811A40AD24BD21500056A395 /* AddFileThumbnail.swift in Sources */ = {isa = PBXBuildFile; fileRef = 811A40AB24BD21500056A395 /* AddFileThumbnail.swift */; };
		811A40AE24BD21500056A395 /* AddFileThumbnail.xib in Resources */ = {isa = PBXBuildFile; fileRef = 811A40AC24BD21500056A395 /* AddFileThumbnail.xib */; };
		811A40B224BD61730056A395 /* AddFileViewTitle.swift in Sources */ = {isa = PBXBuildFile; fileRef = 811A40B024BD61730056A395 /* AddFileViewTitle.swift */; };
		811A40B324BD61730056A395 /* AddFileViewTitle.xib in Resources */ = {isa = PBXBuildFile; fileRef = 811A40B124BD61730056A395 /* AddFileViewTitle.xib */; };
		811A40B624BE6B440056A395 /* AddFilePickerTrigger.swift in Sources */ = {isa = PBXBuildFile; fileRef = 811A40B424BE6B440056A395 /* AddFilePickerTrigger.swift */; };
		811A40B724BE6B440056A395 /* AddFilePickerTrigger.xib in Resources */ = {isa = PBXBuildFile; fileRef = 811A40B524BE6B440056A395 /* AddFilePickerTrigger.xib */; };
		811A40BA24BEC73E0056A395 /* AddFileCheckBoxes.swift in Sources */ = {isa = PBXBuildFile; fileRef = 811A40B824BEC73E0056A395 /* AddFileCheckBoxes.swift */; };
		811A40BB24BEC73E0056A395 /* AddFileCheckBoxes.xib in Resources */ = {isa = PBXBuildFile; fileRef = 811A40B924BEC73E0056A395 /* AddFileCheckBoxes.xib */; };
		811E36E624D7EC28004126F1 /* LaunchViewController.swift in Sources */ = {isa = PBXBuildFile; fileRef = 811E36E524D7EC28004126F1 /* LaunchViewController.swift */; };
		811E40B824CCEF3100E0753D /* AddNewFileManager.swift in Sources */ = {isa = PBXBuildFile; fileRef = 811E40B724CCEF3100E0753D /* AddNewFileManager.swift */; };
		811E40BB24CFB4AA00E0753D /* ShelfToCloudSwitch.swift in Sources */ = {isa = PBXBuildFile; fileRef = 811E40B924CFB4AA00E0753D /* ShelfToCloudSwitch.swift */; };
		811E40BC24CFB4AA00E0753D /* ShelfToCloudSwitch.xib in Resources */ = {isa = PBXBuildFile; fileRef = 811E40BA24CFB4AA00E0753D /* ShelfToCloudSwitch.xib */; };
		811E40C024CFD4F700E0753D /* ShelfBookPickerCollectionCell.swift in Sources */ = {isa = PBXBuildFile; fileRef = 811E40BE24CFD4F700E0753D /* ShelfBookPickerCollectionCell.swift */; };
		811E40C124CFD4F700E0753D /* ShelfBookPickerCollectionCell.xib in Resources */ = {isa = PBXBuildFile; fileRef = 811E40BF24CFD4F700E0753D /* ShelfBookPickerCollectionCell.xib */; };
		811E40C324CFD5A900E0753D /* BookCollectionViewControler.swift in Sources */ = {isa = PBXBuildFile; fileRef = 811E40C224CFD5A900E0753D /* BookCollectionViewControler.swift */; };
		8137DF6424C3D6C500615218 /* AddNewShelfViewController.swift in Sources */ = {isa = PBXBuildFile; fileRef = 8137DF6324C3D6C500615218 /* AddNewShelfViewController.swift */; };
		8137DF6724C503F700615218 /* GoogleSignIn.swift in Sources */ = {isa = PBXBuildFile; fileRef = 8137DF6624C503F700615218 /* GoogleSignIn.swift */; };
		8137DF6924C5241D00615218 /* GoogleUser.swift in Sources */ = {isa = PBXBuildFile; fileRef = 8137DF6824C5241D00615218 /* GoogleUser.swift */; };
		8137DF6B24C52BBD00615218 /* GoogleUserDelegate.swift in Sources */ = {isa = PBXBuildFile; fileRef = 8137DF6A24C52BBD00615218 /* GoogleUserDelegate.swift */; };
		8137DF6F24C6ADDA00615218 /* BookCell.swift in Sources */ = {isa = PBXBuildFile; fileRef = 8137DF6D24C6ADDA00615218 /* BookCell.swift */; };
		8137DF7024C6ADDA00615218 /* BookCell.xib in Resources */ = {isa = PBXBuildFile; fileRef = 8137DF6E24C6ADDA00615218 /* BookCell.xib */; };
		8137DF7424C7C56500615218 /* ShelfName.swift in Sources */ = {isa = PBXBuildFile; fileRef = 8137DF7224C7C56400615218 /* ShelfName.swift */; };
		8137DF7524C7C56500615218 /* ShelfName.xib in Resources */ = {isa = PBXBuildFile; fileRef = 8137DF7324C7C56400615218 /* ShelfName.xib */; };
		8137DF7824C7C58200615218 /* ShelfBookPicker.swift in Sources */ = {isa = PBXBuildFile; fileRef = 8137DF7624C7C58200615218 /* ShelfBookPicker.swift */; };
		8137DF7924C7C58200615218 /* ShelfBookPicker.xib in Resources */ = {isa = PBXBuildFile; fileRef = 8137DF7724C7C58200615218 /* ShelfBookPicker.xib */; };
		8137DF8024C7CF3700615218 /* ShelfBookCollection.swift in Sources */ = {isa = PBXBuildFile; fileRef = 8137DF7E24C7CF3700615218 /* ShelfBookCollection.swift */; };
		8137DF8124C7CF3700615218 /* ShelfBookCollection.xib in Resources */ = {isa = PBXBuildFile; fileRef = 8137DF7F24C7CF3700615218 /* ShelfBookCollection.xib */; };
		8137DF8524C7D04100615218 /* ShelfBookCollectionCell.swift in Sources */ = {isa = PBXBuildFile; fileRef = 8137DF8324C7D04100615218 /* ShelfBookCollectionCell.swift */; };
		8137DF8624C7D04100615218 /* ShelfBookCollectionCell.xib in Resources */ = {isa = PBXBuildFile; fileRef = 8137DF8424C7D04100615218 /* ShelfBookCollectionCell.xib */; };
		8137DF8924C89C9100615218 /* ShelfListViewController.swift in Sources */ = {isa = PBXBuildFile; fileRef = 8137DF8824C89C9100615218 /* ShelfListViewController.swift */; };
		8137DF8D24C8A1B300615218 /* SectionTitle.swift in Sources */ = {isa = PBXBuildFile; fileRef = 8137DF8B24C8A1B300615218 /* SectionTitle.swift */; };
		8137DF8E24C8A1B300615218 /* SectionTitle.xib in Resources */ = {isa = PBXBuildFile; fileRef = 8137DF8C24C8A1B300615218 /* SectionTitle.xib */; };
		8137DF9124C8A1D300615218 /* CreateNewShelf.swift in Sources */ = {isa = PBXBuildFile; fileRef = 8137DF8F24C8A1D300615218 /* CreateNewShelf.swift */; };
		8137DF9224C8A1D300615218 /* CreateNewShelf.xib in Resources */ = {isa = PBXBuildFile; fileRef = 8137DF9024C8A1D300615218 /* CreateNewShelf.xib */; };
		8137DF9524C8A28D00615218 /* ShelfCell.swift in Sources */ = {isa = PBXBuildFile; fileRef = 8137DF9324C8A28D00615218 /* ShelfCell.swift */; };
		8137DF9624C8A28D00615218 /* ShelfCell.xib in Resources */ = {isa = PBXBuildFile; fileRef = 8137DF9424C8A28D00615218 /* ShelfCell.xib */; };
		8162D23924D2095A00C2B9E0 /* BookPreferences.swift in Sources */ = {isa = PBXBuildFile; fileRef = 8162D23824D2095900C2B9E0 /* BookPreferences.swift */; };
		8175B4F024CCE9A8002C7BB7 /* SocketDelegate.swift in Sources */ = {isa = PBXBuildFile; fileRef = 8175B4EF24CCE9A6002C7BB7 /* SocketDelegate.swift */; };
		8193316724EAF9E900E1A56E /* ShelfPreferences.swift in Sources */ = {isa = PBXBuildFile; fileRef = 8193316624EAF9E800E1A56E /* ShelfPreferences.swift */; };
		8193316B24EAFAEE00E1A56E /* ShelfPreferencesManager.swift in Sources */ = {isa = PBXBuildFile; fileRef = 8193316A24EAFAEE00E1A56E /* ShelfPreferencesManager.swift */; };
		8193316D24EAFC1500E1A56E /* AddNewShelfManager.swift in Sources */ = {isa = PBXBuildFile; fileRef = 8193316C24EAFC1500E1A56E /* AddNewShelfManager.swift */; };
		8193317124EB0DC600E1A56E /* ShelfChangerDelegate.swift in Sources */ = {isa = PBXBuildFile; fileRef = 8193317024EB0DC600E1A56E /* ShelfChangerDelegate.swift */; };
		8193317424EB9C3900E1A56E /* EditingViewController.swift in Sources */ = {isa = PBXBuildFile; fileRef = 8193317324EB9C3900E1A56E /* EditingViewController.swift */; };
		8193317624EEF64000E1A56E /* MyShelvesPreferencesManager.swift in Sources */ = {isa = PBXBuildFile; fileRef = 8193317524EEF63F00E1A56E /* MyShelvesPreferencesManager.swift */; };
		8193317A24EEF8D500E1A56E /* ShelfPrePreferencesCell.swift in Sources */ = {isa = PBXBuildFile; fileRef = 8193317824EEF8D500E1A56E /* ShelfPrePreferencesCell.swift */; };
		8193317B24EEF8D500E1A56E /* ShelfPrePreferencesCell.xib in Resources */ = {isa = PBXBuildFile; fileRef = 8193317924EEF8D500E1A56E /* ShelfPrePreferencesCell.xib */; };
		8196A3B924DA39AD00321AC1 /* MyShelvesCollectionViewManager.swift in Sources */ = {isa = PBXBuildFile; fileRef = 8196A3B824DA39AD00321AC1 /* MyShelvesCollectionViewManager.swift */; };
		81A5DC5024D4F3CE001AFD54 /* BookPreferencesDoneDelete.swift in Sources */ = {isa = PBXBuildFile; fileRef = 81A5DC4E24D4F3CE001AFD54 /* BookPreferencesDoneDelete.swift */; };
		81A5DC5124D4F3CE001AFD54 /* BookPreferencesDoneDelete.xib in Resources */ = {isa = PBXBuildFile; fileRef = 81A5DC4F24D4F3CE001AFD54 /* BookPreferencesDoneDelete.xib */; };
		81A5DC5324D4FBDE001AFD54 /* BookChangerDelegate.swift in Sources */ = {isa = PBXBuildFile; fileRef = 81A5DC5224D4FBDE001AFD54 /* BookChangerDelegate.swift */; };
		81A5DC5524D4FFEE001AFD54 /* BookPreferencesManager.swift in Sources */ = {isa = PBXBuildFile; fileRef = 81A5DC5424D4FFEE001AFD54 /* BookPreferencesManager.swift */; };
		81C670D22497BB7100B32676 /* AppDelegate.swift in Sources */ = {isa = PBXBuildFile; fileRef = 81C670D12497BB7100B32676 /* AppDelegate.swift */; };
		81C670D42497BB7100B32676 /* SceneDelegate.swift in Sources */ = {isa = PBXBuildFile; fileRef = 81C670D32497BB7100B32676 /* SceneDelegate.swift */; };
		81C670D62497BB7100B32676 /* MyShelvesViewController.swift in Sources */ = {isa = PBXBuildFile; fileRef = 81C670D52497BB7100B32676 /* MyShelvesViewController.swift */; };
		81C670D92497BB7100B32676 /* Main.storyboard in Resources */ = {isa = PBXBuildFile; fileRef = 81C670D72497BB7100B32676 /* Main.storyboard */; };
		81C670DB2497BB7600B32676 /* Assets.xcassets in Resources */ = {isa = PBXBuildFile; fileRef = 81C670DA2497BB7600B32676 /* Assets.xcassets */; };
		81C670DE2497BB7600B32676 /* LaunchScreen.storyboard in Resources */ = {isa = PBXBuildFile; fileRef = 81C670DC2497BB7600B32676 /* LaunchScreen.storyboard */; };
		81C670E92497BB7600B32676 /* AlexandriaTests.swift in Sources */ = {isa = PBXBuildFile; fileRef = 81C670E82497BB7600B32676 /* AlexandriaTests.swift */; };
		81C670F42497BB7600B32676 /* AlexandriaUITests.swift in Sources */ = {isa = PBXBuildFile; fileRef = 81C670F32497BB7600B32676 /* AlexandriaUITests.swift */; };
		81C671032497BDBD00B32676 /* Realm in Frameworks */ = {isa = PBXBuildFile; productRef = 81C671022497BDBD00B32676 /* Realm */; };
		81C671052497BDBD00B32676 /* RealmSwift in Frameworks */ = {isa = PBXBuildFile; productRef = 81C671042497BDBD00B32676 /* RealmSwift */; };
		81C671102499361C00B32676 /* MyVaultsViewController.swift in Sources */ = {isa = PBXBuildFile; fileRef = 81C6710F2499361C00B32676 /* MyVaultsViewController.swift */; };
		81C671122499365000B32676 /* MetricsViewController.swift in Sources */ = {isa = PBXBuildFile; fileRef = 81C671112499365000B32676 /* MetricsViewController.swift */; };
		81C671142499367200B32676 /* MyTeamsViewController.swift in Sources */ = {isa = PBXBuildFile; fileRef = 81C671132499367200B32676 /* MyTeamsViewController.swift */; };
		81C67116249936A300B32676 /* RegisterLoginViewController.swift in Sources */ = {isa = PBXBuildFile; fileRef = 81C67115249936A300B32676 /* RegisterLoginViewController.swift */; };
		81C67118249936CD00B32676 /* RegisterViewController.swift in Sources */ = {isa = PBXBuildFile; fileRef = 81C67117249936CD00B32676 /* RegisterViewController.swift */; };
		81C6711A249936FA00B32676 /* LoginViewController.swift in Sources */ = {isa = PBXBuildFile; fileRef = 81C67119249936FA00B32676 /* LoginViewController.swift */; };
		81C6711C2499373500B32676 /* MyProfileViewController.swift in Sources */ = {isa = PBXBuildFile; fileRef = 81C6711B2499373500B32676 /* MyProfileViewController.swift */; };
		81D1D5CB24BFE6A400EEDBFC /* AddFileMetadataComponent.swift in Sources */ = {isa = PBXBuildFile; fileRef = 81D1D5C924BFE6A400EEDBFC /* AddFileMetadataComponent.swift */; };
		81D1D5CC24BFE6A400EEDBFC /* AddFileMetadataComponent.xib in Resources */ = {isa = PBXBuildFile; fileRef = 81D1D5CA24BFE6A400EEDBFC /* AddFileMetadataComponent.xib */; };
		81D1D5CF24C00B8C00EEDBFC /* AddFileDone.swift in Sources */ = {isa = PBXBuildFile; fileRef = 81D1D5CD24C00B8C00EEDBFC /* AddFileDone.swift */; };
		81D1D5D024C00B8C00EEDBFC /* AddFileDone.xib in Resources */ = {isa = PBXBuildFile; fileRef = 81D1D5CE24C00B8C00EEDBFC /* AddFileDone.xib */; };
		81F417DA24A2C0DA005193F9 /* AuthenticationSource.swift in Sources */ = {isa = PBXBuildFile; fileRef = 81F417D924A2C0DA005193F9 /* AuthenticationSource.swift */; };
		81F417E124A2F32D005193F9 /* MyProfileLogoCell.swift in Sources */ = {isa = PBXBuildFile; fileRef = 81F417DF24A2F32D005193F9 /* MyProfileLogoCell.swift */; };
		81F417E224A2F32D005193F9 /* MyProfileLogoCell.xib in Resources */ = {isa = PBXBuildFile; fileRef = 81F417E024A2F32D005193F9 /* MyProfileLogoCell.xib */; };
		81F417E524A2F34C005193F9 /* MyProfileNameCell.swift in Sources */ = {isa = PBXBuildFile; fileRef = 81F417E324A2F34C005193F9 /* MyProfileNameCell.swift */; };
		81F417E624A2F34C005193F9 /* MyProfileNameCell.xib in Resources */ = {isa = PBXBuildFile; fileRef = 81F417E424A2F34C005193F9 /* MyProfileNameCell.xib */; };
		81F417E924A2F370005193F9 /* MyProfileContentCell.swift in Sources */ = {isa = PBXBuildFile; fileRef = 81F417E724A2F370005193F9 /* MyProfileContentCell.swift */; };
		81F417EA24A2F370005193F9 /* MyProfileContentCell.xib in Resources */ = {isa = PBXBuildFile; fileRef = 81F417E824A2F370005193F9 /* MyProfileContentCell.xib */; };
		81F417F024A2F947005193F9 /* MyProfileLogoutCell.swift in Sources */ = {isa = PBXBuildFile; fileRef = 81F417EE24A2F947005193F9 /* MyProfileLogoutCell.swift */; };
		81F417F124A2F947005193F9 /* MyProfileLogoutCell.xib in Resources */ = {isa = PBXBuildFile; fileRef = 81F417EF24A2F947005193F9 /* MyProfileLogoutCell.xib */; };
		81F628FD24ABCC0600137473 /* AddItemCell.swift in Sources */ = {isa = PBXBuildFile; fileRef = 81F628FB24ABCC0600137473 /* AddItemCell.swift */; };
		81F628FE24ABCC0600137473 /* AddItemCell.xib in Resources */ = {isa = PBXBuildFile; fileRef = 81F628FC24ABCC0600137473 /* AddItemCell.xib */; };
		81F750C9249980020018DF71 /* Righteous-Regular.ttf in Resources */ = {isa = PBXBuildFile; fileRef = 81F750C8249980020018DF71 /* Righteous-Regular.ttf */; };
		81F750CB249AFE790018DF71 /* SettingsViewController.swift in Sources */ = {isa = PBXBuildFile; fileRef = 81F750CA249AFE790018DF71 /* SettingsViewController.swift */; };
		81F750D1249B27CA0018DF71 /* RequestManager.swift in Sources */ = {isa = PBXBuildFile; fileRef = 81F750D0249B27CA0018DF71 /* RequestManager.swift */; };
		81F750D3249B27EB0018DF71 /* UserData.swift in Sources */ = {isa = PBXBuildFile; fileRef = 81F750D2249B27EB0018DF71 /* UserData.swift */; };
		81F750D5249B293D0018DF71 /* Socket.swift in Sources */ = {isa = PBXBuildFile; fileRef = 81F750D4249B293D0018DF71 /* Socket.swift */; };
		81F750D7249BD8F00018DF71 /* Team.swift in Sources */ = {isa = PBXBuildFile; fileRef = 81F750D6249BD8F00018DF71 /* Team.swift */; };
		81F750D9249BD9A60018DF71 /* CloudUser.swift in Sources */ = {isa = PBXBuildFile; fileRef = 81F750D8249BD9A60018DF71 /* CloudUser.swift */; };
		81F750DB249BD9F20018DF71 /* UnloggedUser.swift in Sources */ = {isa = PBXBuildFile; fileRef = 81F750DA249BD9F20018DF71 /* UnloggedUser.swift */; };
		81F750DD249BDA680018DF71 /* RealmDataStructures.swift in Sources */ = {isa = PBXBuildFile; fileRef = 81F750DC249BDA680018DF71 /* RealmDataStructures.swift */; };
		81F9EE8224A04F5400931575 /* NewUserManager.swift in Sources */ = {isa = PBXBuildFile; fileRef = 81F9EE8124A04F5400931575 /* NewUserManager.swift */; };
		D320C22B554EA993AA2639AE /* Pods_AlexandriaTests.framework in Frameworks */ = {isa = PBXBuildFile; fileRef = 0A82B6B06F589AB60609B841 /* Pods_AlexandriaTests.framework */; };
		E9341CB11852CB2CC99D553E /* Pods_Alexandria.framework in Frameworks */ = {isa = PBXBuildFile; fileRef = BEB06A4F4E99124CFE273C98 /* Pods_Alexandria.framework */; };
/* End PBXBuildFile section */

/* Begin PBXContainerItemProxy section */
		81C670E52497BB7600B32676 /* PBXContainerItemProxy */ = {
			isa = PBXContainerItemProxy;
			containerPortal = 81C670C62497BB7100B32676 /* Project object */;
			proxyType = 1;
			remoteGlobalIDString = 81C670CD2497BB7100B32676;
			remoteInfo = Alexandria;
		};
		81C670F02497BB7600B32676 /* PBXContainerItemProxy */ = {
			isa = PBXContainerItemProxy;
			containerPortal = 81C670C62497BB7100B32676 /* Project object */;
			proxyType = 1;
			remoteGlobalIDString = 81C670CD2497BB7100B32676;
			remoteInfo = Alexandria;
		};
/* End PBXContainerItemProxy section */

/* Begin PBXFileReference section */
		0A82B6B06F589AB60609B841 /* Pods_AlexandriaTests.framework */ = {isa = PBXFileReference; explicitFileType = wrapper.framework; includeInIndex = 0; path = Pods_AlexandriaTests.framework; sourceTree = BUILT_PRODUCTS_DIR; };
		260328704970FA6A32394656 /* Pods-AlexandriaTests.debug.xcconfig */ = {isa = PBXFileReference; includeInIndex = 1; lastKnownFileType = text.xcconfig; name = "Pods-AlexandriaTests.debug.xcconfig"; path = "Target Support Files/Pods-AlexandriaTests/Pods-AlexandriaTests.debug.xcconfig"; sourceTree = "<group>"; };
		70AF4C99E9126B66330ED29E /* Pods-Alexandria-AlexandriaUITests.debug.xcconfig */ = {isa = PBXFileReference; includeInIndex = 1; lastKnownFileType = text.xcconfig; name = "Pods-Alexandria-AlexandriaUITests.debug.xcconfig"; path = "Target Support Files/Pods-Alexandria-AlexandriaUITests/Pods-Alexandria-AlexandriaUITests.debug.xcconfig"; sourceTree = "<group>"; };
		81021C9524EF31FD00075B54 /* MyVaultsCollectionViewCell.swift */ = {isa = PBXFileReference; lastKnownFileType = sourcecode.swift; path = MyVaultsCollectionViewCell.swift; sourceTree = "<group>"; };
		81021C9624EF31FD00075B54 /* MyVaultsCollectionViewCell.xib */ = {isa = PBXFileReference; lastKnownFileType = file.xib; path = MyVaultsCollectionViewCell.xib; sourceTree = "<group>"; };
		81021C9924EF39C400075B54 /* MyVaultsManager.swift */ = {isa = PBXFileReference; lastKnownFileType = sourcecode.swift; path = MyVaultsManager.swift; sourceTree = "<group>"; };
		81021C9B24EF941100075B54 /* VaultDisplayable.swift */ = {isa = PBXFileReference; lastKnownFileType = sourcecode.swift; path = VaultDisplayable.swift; sourceTree = "<group>"; };
		81021CA024F0DD8800075B54 /* AddItemVaultCell.swift */ = {isa = PBXFileReference; lastKnownFileType = sourcecode.swift; path = AddItemVaultCell.swift; sourceTree = "<group>"; };
		81021CA124F0DD8800075B54 /* AddItemVaultCell.xib */ = {isa = PBXFileReference; lastKnownFileType = file.xib; path = AddItemVaultCell.xib; sourceTree = "<group>"; };
		81021CA624F1736D00075B54 /* NewVaultSetViewController.swift */ = {isa = PBXFileReference; lastKnownFileType = sourcecode.swift; path = NewVaultSetViewController.swift; sourceTree = "<group>"; };
		81021CA824F173B700075B54 /* NewNotebookViewController.swift */ = {isa = PBXFileReference; lastKnownFileType = sourcecode.swift; path = NewNotebookViewController.swift; sourceTree = "<group>"; };
		81021CAA24F17C3200075B54 /* ItemChangerDelegate.swift */ = {isa = PBXFileReference; lastKnownFileType = sourcecode.swift; path = ItemChangerDelegate.swift; sourceTree = "<group>"; };
		81021CAC24F180BD00075B54 /* NewVaultSetManager.swift */ = {isa = PBXFileReference; lastKnownFileType = sourcecode.swift; path = NewVaultSetManager.swift; sourceTree = "<group>"; };
		81021CB124F1891A00075B54 /* NewVaultSetDone.swift */ = {isa = PBXFileReference; lastKnownFileType = sourcecode.swift; path = NewVaultSetDone.swift; sourceTree = "<group>"; };
		81021CB224F1891A00075B54 /* NewVaultSetDone.xib */ = {isa = PBXFileReference; lastKnownFileType = file.xib; path = NewVaultSetDone.xib; sourceTree = "<group>"; };
		81021CB524F1CDCA00075B54 /* DefaultColorCell.swift */ = {isa = PBXFileReference; lastKnownFileType = sourcecode.swift; path = DefaultColorCell.swift; sourceTree = "<group>"; };
		81021CB624F1CDCA00075B54 /* DefaultColorCell.xib */ = {isa = PBXFileReference; lastKnownFileType = file.xib; path = DefaultColorCell.xib; sourceTree = "<group>"; };
		81021CBC24F1CE2D00075B54 /* ColorPickerViewController.swift */ = {isa = PBXFileReference; lastKnownFileType = sourcecode.swift; path = ColorPickerViewController.swift; sourceTree = "<group>"; };
		81021CBE24F1CE5A00075B54 /* ColorPickerManager.swift */ = {isa = PBXFileReference; lastKnownFileType = sourcecode.swift; path = ColorPickerManager.swift; sourceTree = "<group>"; wrapsLines = 0; };
		811A409324B1A8AA0056A395 /* ShelfListCell.swift */ = {isa = PBXFileReference; lastKnownFileType = sourcecode.swift; path = ShelfListCell.swift; sourceTree = "<group>"; };
		811A409424B1A8AA0056A395 /* ShelfListCell.xib */ = {isa = PBXFileReference; lastKnownFileType = file.xib; path = ShelfListCell.xib; sourceTree = "<group>"; };
		811A409724B1A8C60056A395 /* ShelvesListTitleCell.swift */ = {isa = PBXFileReference; lastKnownFileType = sourcecode.swift; path = ShelvesListTitleCell.swift; sourceTree = "<group>"; };
		811A409824B1A8C60056A395 /* ShelvesListTitleCell.xib */ = {isa = PBXFileReference; lastKnownFileType = file.xib; path = ShelvesListTitleCell.xib; sourceTree = "<group>"; };
		811A409C24B1ABDE0056A395 /* MyShelvesManager.swift */ = {isa = PBXFileReference; lastKnownFileType = sourcecode.swift; path = MyShelvesManager.swift; sourceTree = "<group>"; };
		811A409E24B302EF0056A395 /* MyShelvesTableView.swift */ = {isa = PBXFileReference; lastKnownFileType = sourcecode.swift; path = MyShelvesTableView.swift; sourceTree = "<group>"; };
		811A40A024B3AC850056A395 /* GoogleService-Info.plist */ = {isa = PBXFileReference; fileEncoding = 4; lastKnownFileType = text.plist.xml; name = "GoogleService-Info.plist"; path = "../../../../Downloads/GoogleService-Info.plist"; sourceTree = "<group>"; };
		811A40A224B4E7A40056A395 /* RegisterUserManager.swift */ = {isa = PBXFileReference; lastKnownFileType = sourcecode.swift; path = RegisterUserManager.swift; sourceTree = "<group>"; };
		811A40A524B588340056A395 /* GoogleDriveTools.swift */ = {isa = PBXFileReference; lastKnownFileType = sourcecode.swift; path = GoogleDriveTools.swift; sourceTree = "<group>"; };
		811A40A824BCFAD70056A395 /* AddNewFileViewController.swift */ = {isa = PBXFileReference; lastKnownFileType = sourcecode.swift; path = AddNewFileViewController.swift; sourceTree = "<group>"; };
		811A40AB24BD21500056A395 /* AddFileThumbnail.swift */ = {isa = PBXFileReference; lastKnownFileType = sourcecode.swift; path = AddFileThumbnail.swift; sourceTree = "<group>"; };
		811A40AC24BD21500056A395 /* AddFileThumbnail.xib */ = {isa = PBXFileReference; lastKnownFileType = file.xib; path = AddFileThumbnail.xib; sourceTree = "<group>"; };
		811A40B024BD61730056A395 /* AddFileViewTitle.swift */ = {isa = PBXFileReference; lastKnownFileType = sourcecode.swift; path = AddFileViewTitle.swift; sourceTree = "<group>"; };
		811A40B124BD61730056A395 /* AddFileViewTitle.xib */ = {isa = PBXFileReference; lastKnownFileType = file.xib; path = AddFileViewTitle.xib; sourceTree = "<group>"; };
		811A40B424BE6B440056A395 /* AddFilePickerTrigger.swift */ = {isa = PBXFileReference; lastKnownFileType = sourcecode.swift; path = AddFilePickerTrigger.swift; sourceTree = "<group>"; };
		811A40B524BE6B440056A395 /* AddFilePickerTrigger.xib */ = {isa = PBXFileReference; lastKnownFileType = file.xib; path = AddFilePickerTrigger.xib; sourceTree = "<group>"; };
		811A40B824BEC73E0056A395 /* AddFileCheckBoxes.swift */ = {isa = PBXFileReference; lastKnownFileType = sourcecode.swift; path = AddFileCheckBoxes.swift; sourceTree = "<group>"; };
		811A40B924BEC73E0056A395 /* AddFileCheckBoxes.xib */ = {isa = PBXFileReference; lastKnownFileType = file.xib; path = AddFileCheckBoxes.xib; sourceTree = "<group>"; };
		811E36E524D7EC28004126F1 /* LaunchViewController.swift */ = {isa = PBXFileReference; lastKnownFileType = sourcecode.swift; path = LaunchViewController.swift; sourceTree = "<group>"; };
		811E40B724CCEF3100E0753D /* AddNewFileManager.swift */ = {isa = PBXFileReference; lastKnownFileType = sourcecode.swift; path = AddNewFileManager.swift; sourceTree = "<group>"; };
		811E40B924CFB4AA00E0753D /* ShelfToCloudSwitch.swift */ = {isa = PBXFileReference; lastKnownFileType = sourcecode.swift; path = ShelfToCloudSwitch.swift; sourceTree = "<group>"; };
		811E40BA24CFB4AA00E0753D /* ShelfToCloudSwitch.xib */ = {isa = PBXFileReference; lastKnownFileType = file.xib; path = ShelfToCloudSwitch.xib; sourceTree = "<group>"; };
		811E40BE24CFD4F700E0753D /* ShelfBookPickerCollectionCell.swift */ = {isa = PBXFileReference; lastKnownFileType = sourcecode.swift; path = ShelfBookPickerCollectionCell.swift; sourceTree = "<group>"; };
		811E40BF24CFD4F700E0753D /* ShelfBookPickerCollectionCell.xib */ = {isa = PBXFileReference; lastKnownFileType = file.xib; path = ShelfBookPickerCollectionCell.xib; sourceTree = "<group>"; };
		811E40C224CFD5A900E0753D /* BookCollectionViewControler.swift */ = {isa = PBXFileReference; lastKnownFileType = sourcecode.swift; path = BookCollectionViewControler.swift; sourceTree = "<group>"; };
		8137DF6324C3D6C500615218 /* AddNewShelfViewController.swift */ = {isa = PBXFileReference; fileEncoding = 4; lastKnownFileType = sourcecode.swift; path = AddNewShelfViewController.swift; sourceTree = "<group>"; };
		8137DF6624C503F700615218 /* GoogleSignIn.swift */ = {isa = PBXFileReference; lastKnownFileType = sourcecode.swift; path = GoogleSignIn.swift; sourceTree = "<group>"; };
		8137DF6824C5241D00615218 /* GoogleUser.swift */ = {isa = PBXFileReference; lastKnownFileType = sourcecode.swift; path = GoogleUser.swift; sourceTree = "<group>"; };
		8137DF6A24C52BBD00615218 /* GoogleUserDelegate.swift */ = {isa = PBXFileReference; lastKnownFileType = sourcecode.swift; path = GoogleUserDelegate.swift; sourceTree = "<group>"; };
		8137DF6D24C6ADDA00615218 /* BookCell.swift */ = {isa = PBXFileReference; lastKnownFileType = sourcecode.swift; path = BookCell.swift; sourceTree = "<group>"; };
		8137DF6E24C6ADDA00615218 /* BookCell.xib */ = {isa = PBXFileReference; lastKnownFileType = file.xib; path = BookCell.xib; sourceTree = "<group>"; };
		8137DF7224C7C56400615218 /* ShelfName.swift */ = {isa = PBXFileReference; lastKnownFileType = sourcecode.swift; path = ShelfName.swift; sourceTree = "<group>"; };
		8137DF7324C7C56400615218 /* ShelfName.xib */ = {isa = PBXFileReference; lastKnownFileType = file.xib; path = ShelfName.xib; sourceTree = "<group>"; };
		8137DF7624C7C58200615218 /* ShelfBookPicker.swift */ = {isa = PBXFileReference; lastKnownFileType = sourcecode.swift; path = ShelfBookPicker.swift; sourceTree = "<group>"; };
		8137DF7724C7C58200615218 /* ShelfBookPicker.xib */ = {isa = PBXFileReference; lastKnownFileType = file.xib; path = ShelfBookPicker.xib; sourceTree = "<group>"; };
		8137DF7E24C7CF3700615218 /* ShelfBookCollection.swift */ = {isa = PBXFileReference; lastKnownFileType = sourcecode.swift; path = ShelfBookCollection.swift; sourceTree = "<group>"; };
		8137DF7F24C7CF3700615218 /* ShelfBookCollection.xib */ = {isa = PBXFileReference; lastKnownFileType = file.xib; path = ShelfBookCollection.xib; sourceTree = "<group>"; };
		8137DF8324C7D04100615218 /* ShelfBookCollectionCell.swift */ = {isa = PBXFileReference; lastKnownFileType = sourcecode.swift; path = ShelfBookCollectionCell.swift; sourceTree = "<group>"; };
		8137DF8424C7D04100615218 /* ShelfBookCollectionCell.xib */ = {isa = PBXFileReference; lastKnownFileType = file.xib; path = ShelfBookCollectionCell.xib; sourceTree = "<group>"; };
		8137DF8824C89C9100615218 /* ShelfListViewController.swift */ = {isa = PBXFileReference; lastKnownFileType = sourcecode.swift; path = ShelfListViewController.swift; sourceTree = "<group>"; };
		8137DF8B24C8A1B300615218 /* SectionTitle.swift */ = {isa = PBXFileReference; lastKnownFileType = sourcecode.swift; path = SectionTitle.swift; sourceTree = "<group>"; };
		8137DF8C24C8A1B300615218 /* SectionTitle.xib */ = {isa = PBXFileReference; lastKnownFileType = file.xib; path = SectionTitle.xib; sourceTree = "<group>"; };
		8137DF8F24C8A1D300615218 /* CreateNewShelf.swift */ = {isa = PBXFileReference; lastKnownFileType = sourcecode.swift; path = CreateNewShelf.swift; sourceTree = "<group>"; };
		8137DF9024C8A1D300615218 /* CreateNewShelf.xib */ = {isa = PBXFileReference; lastKnownFileType = file.xib; path = CreateNewShelf.xib; sourceTree = "<group>"; };
		8137DF9324C8A28D00615218 /* ShelfCell.swift */ = {isa = PBXFileReference; lastKnownFileType = sourcecode.swift; path = ShelfCell.swift; sourceTree = "<group>"; };
		8137DF9424C8A28D00615218 /* ShelfCell.xib */ = {isa = PBXFileReference; lastKnownFileType = file.xib; path = ShelfCell.xib; sourceTree = "<group>"; };
		8162D23824D2095900C2B9E0 /* BookPreferences.swift */ = {isa = PBXFileReference; lastKnownFileType = sourcecode.swift; path = BookPreferences.swift; sourceTree = "<group>"; };
		8175B4EF24CCE9A6002C7BB7 /* SocketDelegate.swift */ = {isa = PBXFileReference; lastKnownFileType = sourcecode.swift; path = SocketDelegate.swift; sourceTree = "<group>"; };
		8193316624EAF9E800E1A56E /* ShelfPreferences.swift */ = {isa = PBXFileReference; lastKnownFileType = sourcecode.swift; path = ShelfPreferences.swift; sourceTree = "<group>"; };
		8193316A24EAFAEE00E1A56E /* ShelfPreferencesManager.swift */ = {isa = PBXFileReference; lastKnownFileType = sourcecode.swift; path = ShelfPreferencesManager.swift; sourceTree = "<group>"; };
		8193316C24EAFC1500E1A56E /* AddNewShelfManager.swift */ = {isa = PBXFileReference; lastKnownFileType = sourcecode.swift; path = AddNewShelfManager.swift; sourceTree = "<group>"; };
		8193317024EB0DC600E1A56E /* ShelfChangerDelegate.swift */ = {isa = PBXFileReference; lastKnownFileType = sourcecode.swift; path = ShelfChangerDelegate.swift; sourceTree = "<group>"; };
		8193317324EB9C3900E1A56E /* EditingViewController.swift */ = {isa = PBXFileReference; lastKnownFileType = sourcecode.swift; path = EditingViewController.swift; sourceTree = "<group>"; };
		8193317524EEF63F00E1A56E /* MyShelvesPreferencesManager.swift */ = {isa = PBXFileReference; lastKnownFileType = sourcecode.swift; path = MyShelvesPreferencesManager.swift; sourceTree = "<group>"; };
		8193317824EEF8D500E1A56E /* ShelfPrePreferencesCell.swift */ = {isa = PBXFileReference; lastKnownFileType = sourcecode.swift; path = ShelfPrePreferencesCell.swift; sourceTree = "<group>"; };
		8193317924EEF8D500E1A56E /* ShelfPrePreferencesCell.xib */ = {isa = PBXFileReference; lastKnownFileType = file.xib; path = ShelfPrePreferencesCell.xib; sourceTree = "<group>"; };
		8196A3B824DA39AD00321AC1 /* MyShelvesCollectionViewManager.swift */ = {isa = PBXFileReference; lastKnownFileType = sourcecode.swift; path = MyShelvesCollectionViewManager.swift; sourceTree = "<group>"; };
		81A5DC4E24D4F3CE001AFD54 /* BookPreferencesDoneDelete.swift */ = {isa = PBXFileReference; lastKnownFileType = sourcecode.swift; path = BookPreferencesDoneDelete.swift; sourceTree = "<group>"; };
		81A5DC4F24D4F3CE001AFD54 /* BookPreferencesDoneDelete.xib */ = {isa = PBXFileReference; lastKnownFileType = file.xib; path = BookPreferencesDoneDelete.xib; sourceTree = "<group>"; };
		81A5DC5224D4FBDE001AFD54 /* BookChangerDelegate.swift */ = {isa = PBXFileReference; lastKnownFileType = sourcecode.swift; path = BookChangerDelegate.swift; sourceTree = "<group>"; };
		81A5DC5424D4FFEE001AFD54 /* BookPreferencesManager.swift */ = {isa = PBXFileReference; lastKnownFileType = sourcecode.swift; path = BookPreferencesManager.swift; sourceTree = "<group>"; };
		81C670CE2497BB7100B32676 /* Alexandria.app */ = {isa = PBXFileReference; explicitFileType = wrapper.application; includeInIndex = 0; path = Alexandria.app; sourceTree = BUILT_PRODUCTS_DIR; };
		81C670D12497BB7100B32676 /* AppDelegate.swift */ = {isa = PBXFileReference; lastKnownFileType = sourcecode.swift; path = AppDelegate.swift; sourceTree = "<group>"; };
		81C670D32497BB7100B32676 /* SceneDelegate.swift */ = {isa = PBXFileReference; lastKnownFileType = sourcecode.swift; path = SceneDelegate.swift; sourceTree = "<group>"; };
		81C670D52497BB7100B32676 /* MyShelvesViewController.swift */ = {isa = PBXFileReference; lastKnownFileType = sourcecode.swift; path = MyShelvesViewController.swift; sourceTree = "<group>"; };
		81C670D82497BB7100B32676 /* Base */ = {isa = PBXFileReference; lastKnownFileType = file.storyboard; name = Base; path = Base.lproj/Main.storyboard; sourceTree = "<group>"; };
		81C670DA2497BB7600B32676 /* Assets.xcassets */ = {isa = PBXFileReference; lastKnownFileType = folder.assetcatalog; path = Assets.xcassets; sourceTree = "<group>"; };
		81C670DD2497BB7600B32676 /* Base */ = {isa = PBXFileReference; lastKnownFileType = file.storyboard; name = Base; path = Base.lproj/LaunchScreen.storyboard; sourceTree = "<group>"; };
		81C670DF2497BB7600B32676 /* Info.plist */ = {isa = PBXFileReference; lastKnownFileType = text.plist.xml; path = Info.plist; sourceTree = "<group>"; };
		81C670E42497BB7600B32676 /* AlexandriaTests.xctest */ = {isa = PBXFileReference; explicitFileType = wrapper.cfbundle; includeInIndex = 0; path = AlexandriaTests.xctest; sourceTree = BUILT_PRODUCTS_DIR; };
		81C670E82497BB7600B32676 /* AlexandriaTests.swift */ = {isa = PBXFileReference; lastKnownFileType = sourcecode.swift; path = AlexandriaTests.swift; sourceTree = "<group>"; };
		81C670EA2497BB7600B32676 /* Info.plist */ = {isa = PBXFileReference; lastKnownFileType = text.plist.xml; path = Info.plist; sourceTree = "<group>"; };
		81C670EF2497BB7600B32676 /* AlexandriaUITests.xctest */ = {isa = PBXFileReference; explicitFileType = wrapper.cfbundle; includeInIndex = 0; path = AlexandriaUITests.xctest; sourceTree = BUILT_PRODUCTS_DIR; };
		81C670F32497BB7600B32676 /* AlexandriaUITests.swift */ = {isa = PBXFileReference; lastKnownFileType = sourcecode.swift; path = AlexandriaUITests.swift; sourceTree = "<group>"; };
		81C670F52497BB7600B32676 /* Info.plist */ = {isa = PBXFileReference; lastKnownFileType = text.plist.xml; path = Info.plist; sourceTree = "<group>"; };
		81C6710E2497D0C700B32676 /* Alexandria.entitlements */ = {isa = PBXFileReference; lastKnownFileType = text.plist.entitlements; path = Alexandria.entitlements; sourceTree = "<group>"; };
		81C6710F2499361C00B32676 /* MyVaultsViewController.swift */ = {isa = PBXFileReference; lastKnownFileType = sourcecode.swift; path = MyVaultsViewController.swift; sourceTree = "<group>"; };
		81C671112499365000B32676 /* MetricsViewController.swift */ = {isa = PBXFileReference; lastKnownFileType = sourcecode.swift; path = MetricsViewController.swift; sourceTree = "<group>"; };
		81C671132499367200B32676 /* MyTeamsViewController.swift */ = {isa = PBXFileReference; lastKnownFileType = sourcecode.swift; path = MyTeamsViewController.swift; sourceTree = "<group>"; };
		81C67115249936A300B32676 /* RegisterLoginViewController.swift */ = {isa = PBXFileReference; lastKnownFileType = sourcecode.swift; path = RegisterLoginViewController.swift; sourceTree = "<group>"; };
		81C67117249936CD00B32676 /* RegisterViewController.swift */ = {isa = PBXFileReference; lastKnownFileType = sourcecode.swift; path = RegisterViewController.swift; sourceTree = "<group>"; };
		81C67119249936FA00B32676 /* LoginViewController.swift */ = {isa = PBXFileReference; lastKnownFileType = sourcecode.swift; path = LoginViewController.swift; sourceTree = "<group>"; };
		81C6711B2499373500B32676 /* MyProfileViewController.swift */ = {isa = PBXFileReference; lastKnownFileType = sourcecode.swift; path = MyProfileViewController.swift; sourceTree = "<group>"; };
		81D1D5C924BFE6A400EEDBFC /* AddFileMetadataComponent.swift */ = {isa = PBXFileReference; lastKnownFileType = sourcecode.swift; path = AddFileMetadataComponent.swift; sourceTree = "<group>"; };
		81D1D5CA24BFE6A400EEDBFC /* AddFileMetadataComponent.xib */ = {isa = PBXFileReference; lastKnownFileType = file.xib; path = AddFileMetadataComponent.xib; sourceTree = "<group>"; };
		81D1D5CD24C00B8C00EEDBFC /* AddFileDone.swift */ = {isa = PBXFileReference; lastKnownFileType = sourcecode.swift; path = AddFileDone.swift; sourceTree = "<group>"; };
		81D1D5CE24C00B8C00EEDBFC /* AddFileDone.xib */ = {isa = PBXFileReference; lastKnownFileType = file.xib; path = AddFileDone.xib; sourceTree = "<group>"; };
		81F417D924A2C0DA005193F9 /* AuthenticationSource.swift */ = {isa = PBXFileReference; lastKnownFileType = sourcecode.swift; path = AuthenticationSource.swift; sourceTree = "<group>"; };
		81F417DF24A2F32D005193F9 /* MyProfileLogoCell.swift */ = {isa = PBXFileReference; lastKnownFileType = sourcecode.swift; path = MyProfileLogoCell.swift; sourceTree = "<group>"; };
		81F417E024A2F32D005193F9 /* MyProfileLogoCell.xib */ = {isa = PBXFileReference; lastKnownFileType = file.xib; path = MyProfileLogoCell.xib; sourceTree = "<group>"; };
		81F417E324A2F34C005193F9 /* MyProfileNameCell.swift */ = {isa = PBXFileReference; lastKnownFileType = sourcecode.swift; path = MyProfileNameCell.swift; sourceTree = "<group>"; };
		81F417E424A2F34C005193F9 /* MyProfileNameCell.xib */ = {isa = PBXFileReference; lastKnownFileType = file.xib; path = MyProfileNameCell.xib; sourceTree = "<group>"; };
		81F417E724A2F370005193F9 /* MyProfileContentCell.swift */ = {isa = PBXFileReference; lastKnownFileType = sourcecode.swift; path = MyProfileContentCell.swift; sourceTree = "<group>"; };
		81F417E824A2F370005193F9 /* MyProfileContentCell.xib */ = {isa = PBXFileReference; lastKnownFileType = file.xib; path = MyProfileContentCell.xib; sourceTree = "<group>"; };
		81F417EE24A2F947005193F9 /* MyProfileLogoutCell.swift */ = {isa = PBXFileReference; lastKnownFileType = sourcecode.swift; path = MyProfileLogoutCell.swift; sourceTree = "<group>"; };
		81F417EF24A2F947005193F9 /* MyProfileLogoutCell.xib */ = {isa = PBXFileReference; lastKnownFileType = file.xib; path = MyProfileLogoutCell.xib; sourceTree = "<group>"; };
		81F628FB24ABCC0600137473 /* AddItemCell.swift */ = {isa = PBXFileReference; lastKnownFileType = sourcecode.swift; path = AddItemCell.swift; sourceTree = "<group>"; };
		81F628FC24ABCC0600137473 /* AddItemCell.xib */ = {isa = PBXFileReference; lastKnownFileType = file.xib; path = AddItemCell.xib; sourceTree = "<group>"; };
		81F750C8249980020018DF71 /* Righteous-Regular.ttf */ = {isa = PBXFileReference; lastKnownFileType = file; path = "Righteous-Regular.ttf"; sourceTree = "<group>"; };
		81F750CA249AFE790018DF71 /* SettingsViewController.swift */ = {isa = PBXFileReference; lastKnownFileType = sourcecode.swift; path = SettingsViewController.swift; sourceTree = "<group>"; };
		81F750D0249B27CA0018DF71 /* RequestManager.swift */ = {isa = PBXFileReference; lastKnownFileType = sourcecode.swift; path = RequestManager.swift; sourceTree = "<group>"; };
		81F750D2249B27EB0018DF71 /* UserData.swift */ = {isa = PBXFileReference; lastKnownFileType = sourcecode.swift; path = UserData.swift; sourceTree = "<group>"; };
		81F750D4249B293D0018DF71 /* Socket.swift */ = {isa = PBXFileReference; lastKnownFileType = sourcecode.swift; path = Socket.swift; sourceTree = "<group>"; };
		81F750D6249BD8F00018DF71 /* Team.swift */ = {isa = PBXFileReference; lastKnownFileType = sourcecode.swift; path = Team.swift; sourceTree = "<group>"; };
		81F750D8249BD9A60018DF71 /* CloudUser.swift */ = {isa = PBXFileReference; lastKnownFileType = sourcecode.swift; path = CloudUser.swift; sourceTree = "<group>"; };
		81F750DA249BD9F20018DF71 /* UnloggedUser.swift */ = {isa = PBXFileReference; lastKnownFileType = sourcecode.swift; path = UnloggedUser.swift; sourceTree = "<group>"; };
		81F750DC249BDA680018DF71 /* RealmDataStructures.swift */ = {isa = PBXFileReference; lastKnownFileType = sourcecode.swift; path = RealmDataStructures.swift; sourceTree = "<group>"; };
		81F9EE8124A04F5400931575 /* NewUserManager.swift */ = {isa = PBXFileReference; lastKnownFileType = sourcecode.swift; path = NewUserManager.swift; sourceTree = "<group>"; };
		820B1FFEF539BD498C602FEE /* Pods-Alexandria-AlexandriaUITests.release.xcconfig */ = {isa = PBXFileReference; includeInIndex = 1; lastKnownFileType = text.xcconfig; name = "Pods-Alexandria-AlexandriaUITests.release.xcconfig"; path = "Target Support Files/Pods-Alexandria-AlexandriaUITests/Pods-Alexandria-AlexandriaUITests.release.xcconfig"; sourceTree = "<group>"; };
		ABE32B38628FBEC67C166EDE /* Pods-AlexandriaTests.release.xcconfig */ = {isa = PBXFileReference; includeInIndex = 1; lastKnownFileType = text.xcconfig; name = "Pods-AlexandriaTests.release.xcconfig"; path = "Target Support Files/Pods-AlexandriaTests/Pods-AlexandriaTests.release.xcconfig"; sourceTree = "<group>"; };
		B1508565DC432DCBB3BFAF81 /* Pods-Alexandria.debug.xcconfig */ = {isa = PBXFileReference; includeInIndex = 1; lastKnownFileType = text.xcconfig; name = "Pods-Alexandria.debug.xcconfig"; path = "Target Support Files/Pods-Alexandria/Pods-Alexandria.debug.xcconfig"; sourceTree = "<group>"; };
		B572DFBE6E0992CECECB422E /* Pods_Alexandria_AlexandriaUITests.framework */ = {isa = PBXFileReference; explicitFileType = wrapper.framework; includeInIndex = 0; path = Pods_Alexandria_AlexandriaUITests.framework; sourceTree = BUILT_PRODUCTS_DIR; };
		BEB06A4F4E99124CFE273C98 /* Pods_Alexandria.framework */ = {isa = PBXFileReference; explicitFileType = wrapper.framework; includeInIndex = 0; path = Pods_Alexandria.framework; sourceTree = BUILT_PRODUCTS_DIR; };
		D04BA13C3211C9E35B91901C /* Pods-Alexandria.release.xcconfig */ = {isa = PBXFileReference; includeInIndex = 1; lastKnownFileType = text.xcconfig; name = "Pods-Alexandria.release.xcconfig"; path = "Target Support Files/Pods-Alexandria/Pods-Alexandria.release.xcconfig"; sourceTree = "<group>"; };
/* End PBXFileReference section */

/* Begin PBXFrameworksBuildPhase section */
		81C670CB2497BB7100B32676 /* Frameworks */ = {
			isa = PBXFrameworksBuildPhase;
			buildActionMask = 2147483647;
			files = (
				81C671052497BDBD00B32676 /* RealmSwift in Frameworks */,
				81C671032497BDBD00B32676 /* Realm in Frameworks */,
				E9341CB11852CB2CC99D553E /* Pods_Alexandria.framework in Frameworks */,
			);
			runOnlyForDeploymentPostprocessing = 0;
		};
		81C670E12497BB7600B32676 /* Frameworks */ = {
			isa = PBXFrameworksBuildPhase;
			buildActionMask = 2147483647;
			files = (
				D320C22B554EA993AA2639AE /* Pods_AlexandriaTests.framework in Frameworks */,
			);
			runOnlyForDeploymentPostprocessing = 0;
		};
		81C670EC2497BB7600B32676 /* Frameworks */ = {
			isa = PBXFrameworksBuildPhase;
			buildActionMask = 2147483647;
			files = (
				727C145F78D60CBE2D20FEF0 /* Pods_Alexandria_AlexandriaUITests.framework in Frameworks */,
			);
			runOnlyForDeploymentPostprocessing = 0;
		};
/* End PBXFrameworksBuildPhase section */

/* Begin PBXGroup section */
		47364B8CE76E99A23ED433D9 /* Frameworks */ = {
			isa = PBXGroup;
			children = (
				BEB06A4F4E99124CFE273C98 /* Pods_Alexandria.framework */,
				B572DFBE6E0992CECECB422E /* Pods_Alexandria_AlexandriaUITests.framework */,
				0A82B6B06F589AB60609B841 /* Pods_AlexandriaTests.framework */,
			);
			name = Frameworks;
			sourceTree = "<group>";
		};
		81021C9324EF2CE400075B54 /* My Vaults Model */ = {
			isa = PBXGroup;
			children = (
				81021C9924EF39C400075B54 /* MyVaultsManager.swift */,
				81021C9424EF31BE00075B54 /* Vaults Collection View */,
			);
			path = "My Vaults Model";
			sourceTree = "<group>";
		};
		81021C9424EF31BE00075B54 /* Vaults Collection View */ = {
			isa = PBXGroup;
			children = (
				81021C9524EF31FD00075B54 /* MyVaultsCollectionViewCell.swift */,
				81021C9624EF31FD00075B54 /* MyVaultsCollectionViewCell.xib */,
			);
			path = "Vaults Collection View";
			sourceTree = "<group>";
		};
		81021C9D24F0DD8700075B54 /* Add Item Drop Down */ = {
			isa = PBXGroup;
			children = (
			);
			path = "Add Item Drop Down";
			sourceTree = "<group>";
		};
		81021CA424F0E20900075B54 /* Add New Vault or Set */ = {
			isa = PBXGroup;
			children = (
				81021CA624F1736D00075B54 /* NewVaultSetViewController.swift */,
				81021CBB24F1CE0700075B54 /* Color Picker */,
			);
			path = "Add New Vault or Set";
			sourceTree = "<group>";
		};
		81021CA524F0E22100075B54 /* Add New Notebook */ = {
			isa = PBXGroup;
			children = (
				81021CA824F173B700075B54 /* NewNotebookViewController.swift */,
			);
			path = "Add New Notebook";
			sourceTree = "<group>";
		};
		81021CAE24F1886E00075B54 /* New Vault Set custom cells */ = {
			isa = PBXGroup;
			children = (
				81021CB124F1891A00075B54 /* NewVaultSetDone.swift */,
				81021CB224F1891A00075B54 /* NewVaultSetDone.xib */,
				81021CB924F1CDE400075B54 /* Color Picker */,
			);
			path = "New Vault Set custom cells";
			sourceTree = "<group>";
		};
		81021CB924F1CDE400075B54 /* Color Picker */ = {
			isa = PBXGroup;
			children = (
				81021CBE24F1CE5A00075B54 /* ColorPickerManager.swift */,
				81021CBA24F1CDF500075B54 /* Color Picker Cells */,
			);
			path = "Color Picker";
			sourceTree = "<group>";
		};
		81021CBA24F1CDF500075B54 /* Color Picker Cells */ = {
			isa = PBXGroup;
			children = (
				81021CB524F1CDCA00075B54 /* DefaultColorCell.swift */,
				81021CB624F1CDCA00075B54 /* DefaultColorCell.xib */,
			);
			path = "Color Picker Cells";
			sourceTree = "<group>";
		};
		81021CBB24F1CE0700075B54 /* Color Picker */ = {
			isa = PBXGroup;
			children = (
				81021CBC24F1CE2D00075B54 /* ColorPickerViewController.swift */,
			);
			path = "Color Picker";
			sourceTree = "<group>";
		};
		811A409224B1A8730056A395 /* Shelves List */ = {
			isa = PBXGroup;
			children = (
				811A409324B1A8AA0056A395 /* ShelfListCell.swift */,
				811A409424B1A8AA0056A395 /* ShelfListCell.xib */,
				811A409724B1A8C60056A395 /* ShelvesListTitleCell.swift */,
				811A409824B1A8C60056A395 /* ShelvesListTitleCell.xib */,
			);
			path = "Shelves List";
			sourceTree = "<group>";
		};
		811A409B24B1AB980056A395 /* My Shelves Model */ = {
			isa = PBXGroup;
			children = (
				81A5DC4D24D4F396001AFD54 /* Book & Shelf Preferences */,
				8137DF6C24C6ACB700615218 /* My Shelf Collection View */,
				811A409C24B1ABDE0056A395 /* MyShelvesManager.swift */,
				811A409E24B302EF0056A395 /* MyShelvesTableView.swift */,
				8196A3B824DA39AD00321AC1 /* MyShelvesCollectionViewManager.swift */,
				8193317524EEF63F00E1A56E /* MyShelvesPreferencesManager.swift */,
				8193317724EEF89000E1A56E /* Shelf Pre-Preferences Cells */,
			);
			path = "My Shelves Model";
			sourceTree = "<group>";
		};
		811A40A424B587FA0056A395 /* Google API Models */ = {
			isa = PBXGroup;
			children = (
				8137DF6624C503F700615218 /* GoogleSignIn.swift */,
				8137DF6824C5241D00615218 /* GoogleUser.swift */,
				8137DF6A24C52BBD00615218 /* GoogleUserDelegate.swift */,
				811A40A524B588340056A395 /* GoogleDriveTools.swift */,
			);
			path = "Google API Models";
			sourceTree = "<group>";
		};
		811A40A724BCFA9B0056A395 /* Add Item Button */ = {
			isa = PBXGroup;
			children = (
				81021CA524F0E22100075B54 /* Add New Notebook */,
				81021CA424F0E20900075B54 /* Add New Vault or Set */,
				8137DF6524C3D75E00615218 /* Add New File */,
				8137DF8724C8999000615218 /* Add New Shelf */,
			);
			path = "Add Item Button";
			sourceTree = "<group>";
		};
		811A40AA24BD1C910056A395 /* Add Item Drop Down */ = {
			isa = PBXGroup;
			children = (
				81F628FB24ABCC0600137473 /* AddItemCell.swift */,
				81F628FC24ABCC0600137473 /* AddItemCell.xib */,
				81021CA024F0DD8800075B54 /* AddItemVaultCell.swift */,
				81021CA124F0DD8800075B54 /* AddItemVaultCell.xib */,
			);
			path = "Add Item Drop Down";
			sourceTree = "<group>";
		};
		811A40AF24BD60850056A395 /* Add Item View */ = {
			isa = PBXGroup;
			children = (
				811A40AB24BD21500056A395 /* AddFileThumbnail.swift */,
				811A40AC24BD21500056A395 /* AddFileThumbnail.xib */,
				811A40B024BD61730056A395 /* AddFileViewTitle.swift */,
				811A40B124BD61730056A395 /* AddFileViewTitle.xib */,
				811A40B424BE6B440056A395 /* AddFilePickerTrigger.swift */,
				811A40B524BE6B440056A395 /* AddFilePickerTrigger.xib */,
				811A40B824BEC73E0056A395 /* AddFileCheckBoxes.swift */,
				811A40B924BEC73E0056A395 /* AddFileCheckBoxes.xib */,
				81D1D5C924BFE6A400EEDBFC /* AddFileMetadataComponent.swift */,
				81D1D5CA24BFE6A400EEDBFC /* AddFileMetadataComponent.xib */,
				81D1D5CD24C00B8C00EEDBFC /* AddFileDone.swift */,
				81D1D5CE24C00B8C00EEDBFC /* AddFileDone.xib */,
				8137DF8A24C89F9C00615218 /* AddFileShelfList */,
			);
			path = "Add Item View";
			sourceTree = "<group>";
		};
		811BB16E249940400074F36E /* fonts */ = {
			isa = PBXGroup;
			children = (
				81F750C8249980020018DF71 /* Righteous-Regular.ttf */,
			);
			path = fonts;
			sourceTree = "<group>";
		};
		811E36E424D7EC05004126F1 /* Launch */ = {
			isa = PBXGroup;
			children = (
				811E36E524D7EC28004126F1 /* LaunchViewController.swift */,
			);
			path = Launch;
			sourceTree = "<group>";
		};
		811E40BD24CFD18500E0753D /* Add Book Collection */ = {
			isa = PBXGroup;
			children = (
				811E40BE24CFD4F700E0753D /* ShelfBookPickerCollectionCell.swift */,
				811E40BF24CFD4F700E0753D /* ShelfBookPickerCollectionCell.xib */,
			);
			path = "Add Book Collection";
			sourceTree = "<group>";
		};
		8137DF6524C3D75E00615218 /* Add New File */ = {
			isa = PBXGroup;
			children = (
				811A40A824BCFAD70056A395 /* AddNewFileViewController.swift */,
				8137DF8824C89C9100615218 /* ShelfListViewController.swift */,
			);
			path = "Add New File";
			sourceTree = "<group>";
		};
		8137DF6C24C6ACB700615218 /* My Shelf Collection View */ = {
			isa = PBXGroup;
			children = (
				8137DF6D24C6ADDA00615218 /* BookCell.swift */,
				8137DF6E24C6ADDA00615218 /* BookCell.xib */,
			);
			path = "My Shelf Collection View";
			sourceTree = "<group>";
		};
		8137DF7124C7C4D800615218 /* Add Shelf View */ = {
			isa = PBXGroup;
			children = (
				8137DF7224C7C56400615218 /* ShelfName.swift */,
				8137DF7324C7C56400615218 /* ShelfName.xib */,
				811E40B924CFB4AA00E0753D /* ShelfToCloudSwitch.swift */,
				811E40BA24CFB4AA00E0753D /* ShelfToCloudSwitch.xib */,
				8137DF7624C7C58200615218 /* ShelfBookPicker.swift */,
				8137DF7724C7C58200615218 /* ShelfBookPicker.xib */,
				8137DF7E24C7CF3700615218 /* ShelfBookCollection.swift */,
				8137DF7F24C7CF3700615218 /* ShelfBookCollection.xib */,
				811E40BD24CFD18500E0753D /* Add Book Collection */,
				8137DF8224C7CFBC00615218 /* Shelf Book Collection Cells */,
			);
			path = "Add Shelf View";
			sourceTree = "<group>";
		};
		8137DF8224C7CFBC00615218 /* Shelf Book Collection Cells */ = {
			isa = PBXGroup;
			children = (
				8137DF8324C7D04100615218 /* ShelfBookCollectionCell.swift */,
				8137DF8424C7D04100615218 /* ShelfBookCollectionCell.xib */,
			);
			path = "Shelf Book Collection Cells";
			sourceTree = "<group>";
		};
		8137DF8724C8999000615218 /* Add New Shelf */ = {
			isa = PBXGroup;
			children = (
				8137DF6324C3D6C500615218 /* AddNewShelfViewController.swift */,
				811E40C224CFD5A900E0753D /* BookCollectionViewControler.swift */,
			);
			path = "Add New Shelf";
			sourceTree = "<group>";
		};
		8137DF8A24C89F9C00615218 /* AddFileShelfList */ = {
			isa = PBXGroup;
			children = (
				8137DF8B24C8A1B300615218 /* SectionTitle.swift */,
				8137DF8C24C8A1B300615218 /* SectionTitle.xib */,
				8137DF8F24C8A1D300615218 /* CreateNewShelf.swift */,
				8137DF9024C8A1D300615218 /* CreateNewShelf.xib */,
				8137DF9324C8A28D00615218 /* ShelfCell.swift */,
				8137DF9424C8A28D00615218 /* ShelfCell.xib */,
			);
			path = AddFileShelfList;
			sourceTree = "<group>";
		};
		8162D23624D208AB00C2B9E0 /* Item Preferences */ = {
			isa = PBXGroup;
			children = (
				8162D23724D2091B00C2B9E0 /* My Shelves Items */,
			);
			path = "Item Preferences";
			sourceTree = "<group>";
		};
		8162D23724D2091B00C2B9E0 /* My Shelves Items */ = {
			isa = PBXGroup;
			children = (
				8162D23824D2095900C2B9E0 /* BookPreferences.swift */,
				8193316624EAF9E800E1A56E /* ShelfPreferences.swift */,
			);
			path = "My Shelves Items";
			sourceTree = "<group>";
		};
		8193316924EAFABA00E1A56E /* Custom Cells */ = {
			isa = PBXGroup;
			children = (
				81A5DC4E24D4F3CE001AFD54 /* BookPreferencesDoneDelete.swift */,
				81A5DC4F24D4F3CE001AFD54 /* BookPreferencesDoneDelete.xib */,
			);
			path = "Custom Cells";
			sourceTree = "<group>";
		};
		8193317224EB9C0000E1A56E /* Editing View */ = {
			isa = PBXGroup;
			children = (
				8193317324EB9C3900E1A56E /* EditingViewController.swift */,
			);
			path = "Editing View";
			sourceTree = "<group>";
		};
		8193317724EEF89000E1A56E /* Shelf Pre-Preferences Cells */ = {
			isa = PBXGroup;
			children = (
				8193317824EEF8D500E1A56E /* ShelfPrePreferencesCell.swift */,
				8193317924EEF8D500E1A56E /* ShelfPrePreferencesCell.xib */,
			);
			path = "Shelf Pre-Preferences Cells";
			sourceTree = "<group>";
		};
		81A5DC4D24D4F396001AFD54 /* Book & Shelf Preferences */ = {
			isa = PBXGroup;
			children = (
				81A5DC5424D4FFEE001AFD54 /* BookPreferencesManager.swift */,
				8193316A24EAFAEE00E1A56E /* ShelfPreferencesManager.swift */,
				8193316924EAFABA00E1A56E /* Custom Cells */,
			);
			path = "Book & Shelf Preferences";
			sourceTree = "<group>";
		};
		81C670C52497BB7100B32676 = {
			isa = PBXGroup;
			children = (
				81C670D02497BB7100B32676 /* Alexandria */,
				811BB16E249940400074F36E /* fonts */,
				81C670E72497BB7600B32676 /* AlexandriaTests */,
				81C670F22497BB7600B32676 /* AlexandriaUITests */,
				81C670CF2497BB7100B32676 /* Products */,
				C44F30F292E6A3BE349C476B /* Pods */,
				47364B8CE76E99A23ED433D9 /* Frameworks */,
			);
			sourceTree = "<group>";
		};
		81C670CF2497BB7100B32676 /* Products */ = {
			isa = PBXGroup;
			children = (
				81C670CE2497BB7100B32676 /* Alexandria.app */,
				81C670E42497BB7600B32676 /* AlexandriaTests.xctest */,
				81C670EF2497BB7600B32676 /* AlexandriaUITests.xctest */,
			);
			name = Products;
			sourceTree = "<group>";
		};
		81C670D02497BB7100B32676 /* Alexandria */ = {
			isa = PBXGroup;
			children = (
				81C6710E2497D0C700B32676 /* Alexandria.entitlements */,
				81C671082497CDE700B32676 /* Controllers */,
				81C671072497CDE000B32676 /* Views */,
				81C671062497CDD800B32676 /* Models */,
				81C670DA2497BB7600B32676 /* Assets.xcassets */,
				81C670DF2497BB7600B32676 /* Info.plist */,
				811A40A024B3AC850056A395 /* GoogleService-Info.plist */,
			);
			path = Alexandria;
			sourceTree = "<group>";
		};
		81C670E72497BB7600B32676 /* AlexandriaTests */ = {
			isa = PBXGroup;
			children = (
				81C670E82497BB7600B32676 /* AlexandriaTests.swift */,
				81C670EA2497BB7600B32676 /* Info.plist */,
			);
			path = AlexandriaTests;
			sourceTree = "<group>";
		};
		81C670F22497BB7600B32676 /* AlexandriaUITests */ = {
			isa = PBXGroup;
			children = (
				81C670F32497BB7600B32676 /* AlexandriaUITests.swift */,
				81C670F52497BB7600B32676 /* Info.plist */,
			);
			path = AlexandriaUITests;
			sourceTree = "<group>";
		};
		81C671062497CDD800B32676 /* Models */ = {
			isa = PBXGroup;
			children = (
				81C6710D2497CEC700B32676 /* Local Model */,
				81C6710C2497CEC000B32676 /* Web Model */,
				81C6710A2497CE3300B32676 /* Data Model */,
				81C671092497CE2900B32676 /* Delegates */,
			);
			path = Models;
			sourceTree = "<group>";
		};
		81C671072497CDE000B32676 /* Views */ = {
			isa = PBXGroup;
			children = (
				81C670D72497BB7100B32676 /* Main.storyboard */,
				81C670DC2497BB7600B32676 /* LaunchScreen.storyboard */,
			);
			path = Views;
			sourceTree = "<group>";
		};
		81C671082497CDE700B32676 /* Controllers */ = {
			isa = PBXGroup;
			children = (
				811E36E424D7EC05004126F1 /* Launch */,
				81F750CD249AFED60018DF71 /* Main Tab Bar */,
				81F9EE8024A04E5500931575 /* Navigation Bar */,
				8193317224EB9C0000E1A56E /* Editing View */,
			);
			path = Controllers;
			sourceTree = "<group>";
		};
		81C671092497CE2900B32676 /* Delegates */ = {
			isa = PBXGroup;
			children = (
				81C670D12497BB7100B32676 /* AppDelegate.swift */,
				8175B4EF24CCE9A6002C7BB7 /* SocketDelegate.swift */,
				81C670D32497BB7100B32676 /* SceneDelegate.swift */,
				81A5DC5224D4FBDE001AFD54 /* BookChangerDelegate.swift */,
				8193317024EB0DC600E1A56E /* ShelfChangerDelegate.swift */,
				81021C9B24EF941100075B54 /* VaultDisplayable.swift */,
				81021CAA24F17C3200075B54 /* ItemChangerDelegate.swift */,
			);
			path = Delegates;
			sourceTree = "<group>";
		};
		81C6710A2497CE3300B32676 /* Data Model */ = {
			isa = PBXGroup;
			children = (
				81F750D6249BD8F00018DF71 /* Team.swift */,
				81F750D8249BD9A60018DF71 /* CloudUser.swift */,
				81F750DA249BD9F20018DF71 /* UnloggedUser.swift */,
				81F750DC249BDA680018DF71 /* RealmDataStructures.swift */,
			);
			path = "Data Model";
			sourceTree = "<group>";
		};
		81C6710C2497CEC000B32676 /* Web Model */ = {
			isa = PBXGroup;
			children = (
				81F750D0249B27CA0018DF71 /* RequestManager.swift */,
				81F750D2249B27EB0018DF71 /* UserData.swift */,
				81F750D4249B293D0018DF71 /* Socket.swift */,
				81F9EE8124A04F5400931575 /* NewUserManager.swift */,
				811A40A224B4E7A40056A395 /* RegisterUserManager.swift */,
				811A40A424B587FA0056A395 /* Google API Models */,
			);
			path = "Web Model";
			sourceTree = "<group>";
		};
		81C6710D2497CEC700B32676 /* Local Model */ = {
			isa = PBXGroup;
			children = (
				81F417D924A2C0DA005193F9 /* AuthenticationSource.swift */,
				811A409B24B1AB980056A395 /* My Shelves Model */,
				81021C9324EF2CE400075B54 /* My Vaults Model */,
				81F417ED24A2F3A3005193F9 /* My Profile */,
				81F628FA24ABCBBF00137473 /* Add Item */,
				811A409224B1A8730056A395 /* Shelves List */,
			);
			path = "Local Model";
			sourceTree = "<group>";
		};
		81F417ED24A2F3A3005193F9 /* My Profile */ = {
			isa = PBXGroup;
			children = (
				81F417DF24A2F32D005193F9 /* MyProfileLogoCell.swift */,
				81F417E024A2F32D005193F9 /* MyProfileLogoCell.xib */,
				81F417E324A2F34C005193F9 /* MyProfileNameCell.swift */,
				81F417E424A2F34C005193F9 /* MyProfileNameCell.xib */,
				81F417E724A2F370005193F9 /* MyProfileContentCell.swift */,
				81F417E824A2F370005193F9 /* MyProfileContentCell.xib */,
				81F417EE24A2F947005193F9 /* MyProfileLogoutCell.swift */,
				81F417EF24A2F947005193F9 /* MyProfileLogoutCell.xib */,
			);
			path = "My Profile";
			sourceTree = "<group>";
		};
		81F628FA24ABCBBF00137473 /* Add Item */ = {
			isa = PBXGroup;
			children = (
				811E40B724CCEF3100E0753D /* AddNewFileManager.swift */,
				8193316C24EAFC1500E1A56E /* AddNewShelfManager.swift */,
				81021CAC24F180BD00075B54 /* NewVaultSetManager.swift */,
				81021CAE24F1886E00075B54 /* New Vault Set custom cells */,
				811A40AA24BD1C910056A395 /* Add Item Drop Down */,
				81021C9D24F0DD8700075B54 /* Add Item Drop Down */,
				811A40AF24BD60850056A395 /* Add Item View */,
				8137DF7124C7C4D800615218 /* Add Shelf View */,
			);
			path = "Add Item";
			sourceTree = "<group>";
		};
		81F750CC249AFE9A0018DF71 /* Profile Icon */ = {
			isa = PBXGroup;
			children = (
				81C67115249936A300B32676 /* RegisterLoginViewController.swift */,
				81C67117249936CD00B32676 /* RegisterViewController.swift */,
				81C67119249936FA00B32676 /* LoginViewController.swift */,
				81C6711B2499373500B32676 /* MyProfileViewController.swift */,
			);
			path = "Profile Icon";
			sourceTree = "<group>";
		};
		81F750CD249AFED60018DF71 /* Main Tab Bar */ = {
			isa = PBXGroup;
			children = (
				81C670D52497BB7100B32676 /* MyShelvesViewController.swift */,
				81C6710F2499361C00B32676 /* MyVaultsViewController.swift */,
				81C671112499365000B32676 /* MetricsViewController.swift */,
				81C671132499367200B32676 /* MyTeamsViewController.swift */,
				8162D23624D208AB00C2B9E0 /* Item Preferences */,
			);
			path = "Main Tab Bar";
			sourceTree = "<group>";
		};
		81F9EE8024A04E5500931575 /* Navigation Bar */ = {
			isa = PBXGroup;
			children = (
				81F750CA249AFE790018DF71 /* SettingsViewController.swift */,
				811A40A724BCFA9B0056A395 /* Add Item Button */,
				81F750CC249AFE9A0018DF71 /* Profile Icon */,
			);
			path = "Navigation Bar";
			sourceTree = "<group>";
		};
		C44F30F292E6A3BE349C476B /* Pods */ = {
			isa = PBXGroup;
			children = (
				B1508565DC432DCBB3BFAF81 /* Pods-Alexandria.debug.xcconfig */,
				D04BA13C3211C9E35B91901C /* Pods-Alexandria.release.xcconfig */,
				70AF4C99E9126B66330ED29E /* Pods-Alexandria-AlexandriaUITests.debug.xcconfig */,
				820B1FFEF539BD498C602FEE /* Pods-Alexandria-AlexandriaUITests.release.xcconfig */,
				260328704970FA6A32394656 /* Pods-AlexandriaTests.debug.xcconfig */,
				ABE32B38628FBEC67C166EDE /* Pods-AlexandriaTests.release.xcconfig */,
			);
			path = Pods;
			sourceTree = "<group>";
		};
/* End PBXGroup section */

/* Begin PBXNativeTarget section */
		81C670CD2497BB7100B32676 /* Alexandria */ = {
			isa = PBXNativeTarget;
			buildConfigurationList = 81C670F82497BB7600B32676 /* Build configuration list for PBXNativeTarget "Alexandria" */;
			buildPhases = (
				109EA95433DDDFEA7A199BBB /* [CP] Check Pods Manifest.lock */,
				81C670CA2497BB7100B32676 /* Sources */,
				81C670CB2497BB7100B32676 /* Frameworks */,
				81C670CC2497BB7100B32676 /* Resources */,
				C346B313CEE9F0705595D032 /* [CP] Embed Pods Frameworks */,
			);
			buildRules = (
			);
			dependencies = (
			);
			name = Alexandria;
			packageProductDependencies = (
				81C671022497BDBD00B32676 /* Realm */,
				81C671042497BDBD00B32676 /* RealmSwift */,
			);
			productName = Alexandria;
			productReference = 81C670CE2497BB7100B32676 /* Alexandria.app */;
			productType = "com.apple.product-type.application";
		};
		81C670E32497BB7600B32676 /* AlexandriaTests */ = {
			isa = PBXNativeTarget;
			buildConfigurationList = 81C670FB2497BB7600B32676 /* Build configuration list for PBXNativeTarget "AlexandriaTests" */;
			buildPhases = (
				6757F032311A4F703F2ECE61 /* [CP] Check Pods Manifest.lock */,
				81C670E02497BB7600B32676 /* Sources */,
				81C670E12497BB7600B32676 /* Frameworks */,
				81C670E22497BB7600B32676 /* Resources */,
			);
			buildRules = (
			);
			dependencies = (
				81C670E62497BB7600B32676 /* PBXTargetDependency */,
			);
			name = AlexandriaTests;
			productName = AlexandriaTests;
			productReference = 81C670E42497BB7600B32676 /* AlexandriaTests.xctest */;
			productType = "com.apple.product-type.bundle.unit-test";
		};
		81C670EE2497BB7600B32676 /* AlexandriaUITests */ = {
			isa = PBXNativeTarget;
			buildConfigurationList = 81C670FE2497BB7600B32676 /* Build configuration list for PBXNativeTarget "AlexandriaUITests" */;
			buildPhases = (
				3C3DD567DE03EBA0BC99D89A /* [CP] Check Pods Manifest.lock */,
				81C670EB2497BB7600B32676 /* Sources */,
				81C670EC2497BB7600B32676 /* Frameworks */,
				81C670ED2497BB7600B32676 /* Resources */,
				80CE26E7BF45EC2FF2EFF7F8 /* [CP] Embed Pods Frameworks */,
			);
			buildRules = (
			);
			dependencies = (
				81C670F12497BB7600B32676 /* PBXTargetDependency */,
			);
			name = AlexandriaUITests;
			productName = AlexandriaUITests;
			productReference = 81C670EF2497BB7600B32676 /* AlexandriaUITests.xctest */;
			productType = "com.apple.product-type.bundle.ui-testing";
		};
/* End PBXNativeTarget section */

/* Begin PBXProject section */
		81C670C62497BB7100B32676 /* Project object */ = {
			isa = PBXProject;
			attributes = {
				LastSwiftUpdateCheck = 1150;
				LastUpgradeCheck = 1150;
				ORGANIZATIONNAME = BITFROST;
				TargetAttributes = {
					81C670CD2497BB7100B32676 = {
						CreatedOnToolsVersion = 11.5;
					};
					81C670E32497BB7600B32676 = {
						CreatedOnToolsVersion = 11.5;
						TestTargetID = 81C670CD2497BB7100B32676;
					};
					81C670EE2497BB7600B32676 = {
						CreatedOnToolsVersion = 11.5;
						TestTargetID = 81C670CD2497BB7100B32676;
					};
				};
			};
			buildConfigurationList = 81C670C92497BB7100B32676 /* Build configuration list for PBXProject "Alexandria" */;
			compatibilityVersion = "Xcode 9.3";
			developmentRegion = en;
			hasScannedForEncodings = 0;
			knownRegions = (
				en,
				Base,
			);
			mainGroup = 81C670C52497BB7100B32676;
			packageReferences = (
				81C671012497BDBD00B32676 /* XCRemoteSwiftPackageReference "realm-cocoa" */,
			);
			productRefGroup = 81C670CF2497BB7100B32676 /* Products */;
			projectDirPath = "";
			projectRoot = "";
			targets = (
				81C670CD2497BB7100B32676 /* Alexandria */,
				81C670E32497BB7600B32676 /* AlexandriaTests */,
				81C670EE2497BB7600B32676 /* AlexandriaUITests */,
			);
		};
/* End PBXProject section */

/* Begin PBXResourcesBuildPhase section */
		81C670CC2497BB7100B32676 /* Resources */ = {
			isa = PBXResourcesBuildPhase;
			buildActionMask = 2147483647;
			files = (
				811E40BC24CFB4AA00E0753D /* ShelfToCloudSwitch.xib in Resources */,
				8137DF8E24C8A1B300615218 /* SectionTitle.xib in Resources */,
				811A409624B1A8AA0056A395 /* ShelfListCell.xib in Resources */,
				81F417E624A2F34C005193F9 /* MyProfileNameCell.xib in Resources */,
				81F628FE24ABCC0600137473 /* AddItemCell.xib in Resources */,
				8137DF8124C7CF3700615218 /* ShelfBookCollection.xib in Resources */,
				811A409A24B1A8C60056A395 /* ShelvesListTitleCell.xib in Resources */,
				81021CB424F1899500075B54 /* NewVaultSetDone.xib in Resources */,
				811A40AE24BD21500056A395 /* AddFileThumbnail.xib in Resources */,
				81021C9824EF31FD00075B54 /* MyVaultsCollectionViewCell.xib in Resources */,
				81021CA324F0DFC500075B54 /* AddItemVaultCell.xib in Resources */,
				811A40B724BE6B440056A395 /* AddFilePickerTrigger.xib in Resources */,
				81D1D5CC24BFE6A400EEDBFC /* AddFileMetadataComponent.xib in Resources */,
				81F417F124A2F947005193F9 /* MyProfileLogoutCell.xib in Resources */,
				8137DF9624C8A28D00615218 /* ShelfCell.xib in Resources */,
				81A5DC5124D4F3CE001AFD54 /* BookPreferencesDoneDelete.xib in Resources */,
				811A40A124B3AC850056A395 /* GoogleService-Info.plist in Resources */,
				811E40C124CFD4F700E0753D /* ShelfBookPickerCollectionCell.xib in Resources */,
				8137DF7524C7C56500615218 /* ShelfName.xib in Resources */,
				811A40B324BD61730056A395 /* AddFileViewTitle.xib in Resources */,
				81C670DE2497BB7600B32676 /* LaunchScreen.storyboard in Resources */,
				8137DF8624C7D04100615218 /* ShelfBookCollectionCell.xib in Resources */,
				81C670DB2497BB7600B32676 /* Assets.xcassets in Resources */,
				81F750C9249980020018DF71 /* Righteous-Regular.ttf in Resources */,
				81D1D5D024C00B8C00EEDBFC /* AddFileDone.xib in Resources */,
				81F417E224A2F32D005193F9 /* MyProfileLogoCell.xib in Resources */,
				81F417EA24A2F370005193F9 /* MyProfileContentCell.xib in Resources */,
				81021CB824F1CDCA00075B54 /* DefaultColorCell.xib in Resources */,
				8137DF7924C7C58200615218 /* ShelfBookPicker.xib in Resources */,
				8137DF7024C6ADDA00615218 /* BookCell.xib in Resources */,
				8137DF9224C8A1D300615218 /* CreateNewShelf.xib in Resources */,
				8193317B24EEF8D500E1A56E /* ShelfPrePreferencesCell.xib in Resources */,
				811A40BB24BEC73E0056A395 /* AddFileCheckBoxes.xib in Resources */,
				81C670D92497BB7100B32676 /* Main.storyboard in Resources */,
			);
			runOnlyForDeploymentPostprocessing = 0;
		};
		81C670E22497BB7600B32676 /* Resources */ = {
			isa = PBXResourcesBuildPhase;
			buildActionMask = 2147483647;
			files = (
			);
			runOnlyForDeploymentPostprocessing = 0;
		};
		81C670ED2497BB7600B32676 /* Resources */ = {
			isa = PBXResourcesBuildPhase;
			buildActionMask = 2147483647;
			files = (
			);
			runOnlyForDeploymentPostprocessing = 0;
		};
/* End PBXResourcesBuildPhase section */

/* Begin PBXShellScriptBuildPhase section */
		109EA95433DDDFEA7A199BBB /* [CP] Check Pods Manifest.lock */ = {
			isa = PBXShellScriptBuildPhase;
			buildActionMask = 2147483647;
			files = (
			);
			inputFileListPaths = (
			);
			inputPaths = (
				"${PODS_PODFILE_DIR_PATH}/Podfile.lock",
				"${PODS_ROOT}/Manifest.lock",
			);
			name = "[CP] Check Pods Manifest.lock";
			outputFileListPaths = (
			);
			outputPaths = (
				"$(DERIVED_FILE_DIR)/Pods-Alexandria-checkManifestLockResult.txt",
			);
			runOnlyForDeploymentPostprocessing = 0;
			shellPath = /bin/sh;
			shellScript = "diff \"${PODS_PODFILE_DIR_PATH}/Podfile.lock\" \"${PODS_ROOT}/Manifest.lock\" > /dev/null\nif [ $? != 0 ] ; then\n    # print error to STDERR\n    echo \"error: The sandbox is not in sync with the Podfile.lock. Run 'pod install' or update your CocoaPods installation.\" >&2\n    exit 1\nfi\n# This output is used by Xcode 'outputs' to avoid re-running this script phase.\necho \"SUCCESS\" > \"${SCRIPT_OUTPUT_FILE_0}\"\n";
			showEnvVarsInLog = 0;
		};
		3C3DD567DE03EBA0BC99D89A /* [CP] Check Pods Manifest.lock */ = {
			isa = PBXShellScriptBuildPhase;
			buildActionMask = 2147483647;
			files = (
			);
			inputFileListPaths = (
			);
			inputPaths = (
				"${PODS_PODFILE_DIR_PATH}/Podfile.lock",
				"${PODS_ROOT}/Manifest.lock",
			);
			name = "[CP] Check Pods Manifest.lock";
			outputFileListPaths = (
			);
			outputPaths = (
				"$(DERIVED_FILE_DIR)/Pods-Alexandria-AlexandriaUITests-checkManifestLockResult.txt",
			);
			runOnlyForDeploymentPostprocessing = 0;
			shellPath = /bin/sh;
			shellScript = "diff \"${PODS_PODFILE_DIR_PATH}/Podfile.lock\" \"${PODS_ROOT}/Manifest.lock\" > /dev/null\nif [ $? != 0 ] ; then\n    # print error to STDERR\n    echo \"error: The sandbox is not in sync with the Podfile.lock. Run 'pod install' or update your CocoaPods installation.\" >&2\n    exit 1\nfi\n# This output is used by Xcode 'outputs' to avoid re-running this script phase.\necho \"SUCCESS\" > \"${SCRIPT_OUTPUT_FILE_0}\"\n";
			showEnvVarsInLog = 0;
		};
		6757F032311A4F703F2ECE61 /* [CP] Check Pods Manifest.lock */ = {
			isa = PBXShellScriptBuildPhase;
			buildActionMask = 2147483647;
			files = (
			);
			inputFileListPaths = (
			);
			inputPaths = (
				"${PODS_PODFILE_DIR_PATH}/Podfile.lock",
				"${PODS_ROOT}/Manifest.lock",
			);
			name = "[CP] Check Pods Manifest.lock";
			outputFileListPaths = (
			);
			outputPaths = (
				"$(DERIVED_FILE_DIR)/Pods-AlexandriaTests-checkManifestLockResult.txt",
			);
			runOnlyForDeploymentPostprocessing = 0;
			shellPath = /bin/sh;
			shellScript = "diff \"${PODS_PODFILE_DIR_PATH}/Podfile.lock\" \"${PODS_ROOT}/Manifest.lock\" > /dev/null\nif [ $? != 0 ] ; then\n    # print error to STDERR\n    echo \"error: The sandbox is not in sync with the Podfile.lock. Run 'pod install' or update your CocoaPods installation.\" >&2\n    exit 1\nfi\n# This output is used by Xcode 'outputs' to avoid re-running this script phase.\necho \"SUCCESS\" > \"${SCRIPT_OUTPUT_FILE_0}\"\n";
			showEnvVarsInLog = 0;
		};
		80CE26E7BF45EC2FF2EFF7F8 /* [CP] Embed Pods Frameworks */ = {
			isa = PBXShellScriptBuildPhase;
			buildActionMask = 2147483647;
			files = (
			);
			inputFileListPaths = (
				"${PODS_ROOT}/Target Support Files/Pods-Alexandria-AlexandriaUITests/Pods-Alexandria-AlexandriaUITests-frameworks-${CONFIGURATION}-input-files.xcfilelist",
			);
			name = "[CP] Embed Pods Frameworks";
			outputFileListPaths = (
				"${PODS_ROOT}/Target Support Files/Pods-Alexandria-AlexandriaUITests/Pods-Alexandria-AlexandriaUITests-frameworks-${CONFIGURATION}-output-files.xcfilelist",
			);
			runOnlyForDeploymentPostprocessing = 0;
			shellPath = /bin/sh;
			shellScript = "\"${PODS_ROOT}/Target Support Files/Pods-Alexandria-AlexandriaUITests/Pods-Alexandria-AlexandriaUITests-frameworks.sh\"\n";
			showEnvVarsInLog = 0;
		};
		C346B313CEE9F0705595D032 /* [CP] Embed Pods Frameworks */ = {
			isa = PBXShellScriptBuildPhase;
			buildActionMask = 2147483647;
			files = (
			);
			inputFileListPaths = (
				"${PODS_ROOT}/Target Support Files/Pods-Alexandria/Pods-Alexandria-frameworks-${CONFIGURATION}-input-files.xcfilelist",
			);
			name = "[CP] Embed Pods Frameworks";
			outputFileListPaths = (
				"${PODS_ROOT}/Target Support Files/Pods-Alexandria/Pods-Alexandria-frameworks-${CONFIGURATION}-output-files.xcfilelist",
			);
			runOnlyForDeploymentPostprocessing = 0;
			shellPath = /bin/sh;
			shellScript = "\"${PODS_ROOT}/Target Support Files/Pods-Alexandria/Pods-Alexandria-frameworks.sh\"\n";
			showEnvVarsInLog = 0;
		};
/* End PBXShellScriptBuildPhase section */

/* Begin PBXSourcesBuildPhase section */
		81C670CA2497BB7100B32676 /* Sources */ = {
			isa = PBXSourcesBuildPhase;
			buildActionMask = 2147483647;
			files = (
				8137DF6F24C6ADDA00615218 /* BookCell.swift in Sources */,
				81F417DA24A2C0DA005193F9 /* AuthenticationSource.swift in Sources */,
				81F9EE8224A04F5400931575 /* NewUserManager.swift in Sources */,
				8137DF6B24C52BBD00615218 /* GoogleUserDelegate.swift in Sources */,
				8162D23924D2095A00C2B9E0 /* BookPreferences.swift in Sources */,
				811A409524B1A8AA0056A395 /* ShelfListCell.swift in Sources */,
				8137DF8924C89C9100615218 /* ShelfListViewController.swift in Sources */,
				8137DF7824C7C58200615218 /* ShelfBookPicker.swift in Sources */,
				8193317A24EEF8D500E1A56E /* ShelfPrePreferencesCell.swift in Sources */,
				81021CA924F173B700075B54 /* NewNotebookViewController.swift in Sources */,
				8137DF6924C5241D00615218 /* GoogleUser.swift in Sources */,
				81F750D9249BD9A60018DF71 /* CloudUser.swift in Sources */,
				811A40B624BE6B440056A395 /* AddFilePickerTrigger.swift in Sources */,
				81021CAD24F180BD00075B54 /* NewVaultSetManager.swift in Sources */,
				811E40B824CCEF3100E0753D /* AddNewFileManager.swift in Sources */,
				81F750D3249B27EB0018DF71 /* UserData.swift in Sources */,
				8175B4F024CCE9A8002C7BB7 /* SocketDelegate.swift in Sources */,
				8193316724EAF9E900E1A56E /* ShelfPreferences.swift in Sources */,
				81F417F024A2F947005193F9 /* MyProfileLogoutCell.swift in Sources */,
				81D1D5CF24C00B8C00EEDBFC /* AddFileDone.swift in Sources */,
				81F750DB249BD9F20018DF71 /* UnloggedUser.swift in Sources */,
				81F417E124A2F32D005193F9 /* MyProfileLogoCell.swift in Sources */,
				81C6711A249936FA00B32676 /* LoginViewController.swift in Sources */,
				811E40C324CFD5A900E0753D /* BookCollectionViewControler.swift in Sources */,
				81C671122499365000B32676 /* MetricsViewController.swift in Sources */,
				811E36E624D7EC28004126F1 /* LaunchViewController.swift in Sources */,
				8193316B24EAFAEE00E1A56E /* ShelfPreferencesManager.swift in Sources */,
				81F750D7249BD8F00018DF71 /* Team.swift in Sources */,
				81021CB324F1899100075B54 /* NewVaultSetDone.swift in Sources */,
				8196A3B924DA39AD00321AC1 /* MyShelvesCollectionViewManager.swift in Sources */,
				811A40B224BD61730056A395 /* AddFileViewTitle.swift in Sources */,
				8193317624EEF64000E1A56E /* MyShelvesPreferencesManager.swift in Sources */,
				811A40A924BCFAD70056A395 /* AddNewFileViewController.swift in Sources */,
				811A409924B1A8C60056A395 /* ShelvesListTitleCell.swift in Sources */,
				81A5DC5324D4FBDE001AFD54 /* BookChangerDelegate.swift in Sources */,
				811A40A624B588340056A395 /* GoogleDriveTools.swift in Sources */,
				81021CAB24F17C3300075B54 /* ItemChangerDelegate.swift in Sources */,
				81F750CB249AFE790018DF71 /* SettingsViewController.swift in Sources */,
				81D1D5CB24BFE6A400EEDBFC /* AddFileMetadataComponent.swift in Sources */,
				811A40AD24BD21500056A395 /* AddFileThumbnail.swift in Sources */,
				811E40C024CFD4F700E0753D /* ShelfBookPickerCollectionCell.swift in Sources */,
				811A40BA24BEC73E0056A395 /* AddFileCheckBoxes.swift in Sources */,
				81F628FD24ABCC0600137473 /* AddItemCell.swift in Sources */,
				8137DF7424C7C56500615218 /* ShelfName.swift in Sources */,
				81F750DD249BDA680018DF71 /* RealmDataStructures.swift in Sources */,
				81A5DC5524D4FFEE001AFD54 /* BookPreferencesManager.swift in Sources */,
				8137DF9124C8A1D300615218 /* CreateNewShelf.swift in Sources */,
				81F750D1249B27CA0018DF71 /* RequestManager.swift in Sources */,
				8137DF8524C7D04100615218 /* ShelfBookCollectionCell.swift in Sources */,
				81C6711C2499373500B32676 /* MyProfileViewController.swift in Sources */,
				8193316D24EAFC1500E1A56E /* AddNewShelfManager.swift in Sources */,
				81C670D62497BB7100B32676 /* MyShelvesViewController.swift in Sources */,
				81021CBF24F1CE5A00075B54 /* ColorPickerManager.swift in Sources */,
				811A409F24B302F00056A395 /* MyShelvesTableView.swift in Sources */,
				81C67116249936A300B32676 /* RegisterLoginViewController.swift in Sources */,
				81021CB724F1CDCA00075B54 /* DefaultColorCell.swift in Sources */,
				81021CA224F0DD8900075B54 /* AddItemVaultCell.swift in Sources */,
				8137DF8D24C8A1B300615218 /* SectionTitle.swift in Sources */,
				81021CA724F1736D00075B54 /* NewVaultSetViewController.swift in Sources */,
				8137DF9524C8A28D00615218 /* ShelfCell.swift in Sources */,
				81F750D5249B293D0018DF71 /* Socket.swift in Sources */,
				81A5DC5024D4F3CE001AFD54 /* BookPreferencesDoneDelete.swift in Sources */,
				8137DF6424C3D6C500615218 /* AddNewShelfViewController.swift in Sources */,
				811A40A324B4E7A40056A395 /* RegisterUserManager.swift in Sources */,
				8193317424EB9C3900E1A56E /* EditingViewController.swift in Sources */,
				81021C9A24EF39C400075B54 /* MyVaultsManager.swift in Sources */,
				811A409D24B1ABDE0056A395 /* MyShelvesManager.swift in Sources */,
				8137DF6724C503F700615218 /* GoogleSignIn.swift in Sources */,
				81C671102499361C00B32676 /* MyVaultsViewController.swift in Sources */,
				81F417E524A2F34C005193F9 /* MyProfileNameCell.swift in Sources */,
				81C671142499367200B32676 /* MyTeamsViewController.swift in Sources */,
				81021CBD24F1CE2D00075B54 /* ColorPickerViewController.swift in Sources */,
				81021C9C24EF941100075B54 /* VaultDisplayable.swift in Sources */,
				81021C9724EF31FD00075B54 /* MyVaultsCollectionViewCell.swift in Sources */,
				81C670D22497BB7100B32676 /* AppDelegate.swift in Sources */,
				81C67118249936CD00B32676 /* RegisterViewController.swift in Sources */,
				81C670D42497BB7100B32676 /* SceneDelegate.swift in Sources */,
				811E40BB24CFB4AA00E0753D /* ShelfToCloudSwitch.swift in Sources */,
				81F417E924A2F370005193F9 /* MyProfileContentCell.swift in Sources */,
				8193317124EB0DC600E1A56E /* ShelfChangerDelegate.swift in Sources */,
				8137DF8024C7CF3700615218 /* ShelfBookCollection.swift in Sources */,
			);
			runOnlyForDeploymentPostprocessing = 0;
		};
		81C670E02497BB7600B32676 /* Sources */ = {
			isa = PBXSourcesBuildPhase;
			buildActionMask = 2147483647;
			files = (
				81C670E92497BB7600B32676 /* AlexandriaTests.swift in Sources */,
			);
			runOnlyForDeploymentPostprocessing = 0;
		};
		81C670EB2497BB7600B32676 /* Sources */ = {
			isa = PBXSourcesBuildPhase;
			buildActionMask = 2147483647;
			files = (
				81C670F42497BB7600B32676 /* AlexandriaUITests.swift in Sources */,
			);
			runOnlyForDeploymentPostprocessing = 0;
		};
/* End PBXSourcesBuildPhase section */

/* Begin PBXTargetDependency section */
		81C670E62497BB7600B32676 /* PBXTargetDependency */ = {
			isa = PBXTargetDependency;
			target = 81C670CD2497BB7100B32676 /* Alexandria */;
			targetProxy = 81C670E52497BB7600B32676 /* PBXContainerItemProxy */;
		};
		81C670F12497BB7600B32676 /* PBXTargetDependency */ = {
			isa = PBXTargetDependency;
			target = 81C670CD2497BB7100B32676 /* Alexandria */;
			targetProxy = 81C670F02497BB7600B32676 /* PBXContainerItemProxy */;
		};
/* End PBXTargetDependency section */

/* Begin PBXVariantGroup section */
		81C670D72497BB7100B32676 /* Main.storyboard */ = {
			isa = PBXVariantGroup;
			children = (
				81C670D82497BB7100B32676 /* Base */,
			);
			name = Main.storyboard;
			sourceTree = "<group>";
		};
		81C670DC2497BB7600B32676 /* LaunchScreen.storyboard */ = {
			isa = PBXVariantGroup;
			children = (
				81C670DD2497BB7600B32676 /* Base */,
			);
			name = LaunchScreen.storyboard;
			sourceTree = "<group>";
		};
/* End PBXVariantGroup section */

/* Begin XCBuildConfiguration section */
		81C670F62497BB7600B32676 /* Debug */ = {
			isa = XCBuildConfiguration;
			buildSettings = {
				ALWAYS_SEARCH_USER_PATHS = NO;
				CLANG_ANALYZER_NONNULL = YES;
				CLANG_ANALYZER_NUMBER_OBJECT_CONVERSION = YES_AGGRESSIVE;
				CLANG_CXX_LANGUAGE_STANDARD = "gnu++14";
				CLANG_CXX_LIBRARY = "libc++";
				CLANG_ENABLE_MODULES = YES;
				CLANG_ENABLE_OBJC_ARC = YES;
				CLANG_ENABLE_OBJC_WEAK = YES;
				CLANG_WARN_BLOCK_CAPTURE_AUTORELEASING = YES;
				CLANG_WARN_BOOL_CONVERSION = YES;
				CLANG_WARN_COMMA = YES;
				CLANG_WARN_CONSTANT_CONVERSION = YES;
				CLANG_WARN_DEPRECATED_OBJC_IMPLEMENTATIONS = YES;
				CLANG_WARN_DIRECT_OBJC_ISA_USAGE = YES_ERROR;
				CLANG_WARN_DOCUMENTATION_COMMENTS = YES;
				CLANG_WARN_EMPTY_BODY = YES;
				CLANG_WARN_ENUM_CONVERSION = YES;
				CLANG_WARN_INFINITE_RECURSION = YES;
				CLANG_WARN_INT_CONVERSION = YES;
				CLANG_WARN_NON_LITERAL_NULL_CONVERSION = YES;
				CLANG_WARN_OBJC_IMPLICIT_RETAIN_SELF = YES;
				CLANG_WARN_OBJC_LITERAL_CONVERSION = YES;
				CLANG_WARN_OBJC_ROOT_CLASS = YES_ERROR;
				CLANG_WARN_RANGE_LOOP_ANALYSIS = YES;
				CLANG_WARN_STRICT_PROTOTYPES = YES;
				CLANG_WARN_SUSPICIOUS_MOVE = YES;
				CLANG_WARN_UNGUARDED_AVAILABILITY = YES_AGGRESSIVE;
				CLANG_WARN_UNREACHABLE_CODE = YES;
				CLANG_WARN__DUPLICATE_METHOD_MATCH = YES;
				COPY_PHASE_STRIP = NO;
				DEBUG_INFORMATION_FORMAT = dwarf;
				ENABLE_STRICT_OBJC_MSGSEND = YES;
				ENABLE_TESTABILITY = YES;
				GCC_C_LANGUAGE_STANDARD = gnu11;
				GCC_DYNAMIC_NO_PIC = NO;
				GCC_NO_COMMON_BLOCKS = YES;
				GCC_OPTIMIZATION_LEVEL = 0;
				GCC_PREPROCESSOR_DEFINITIONS = (
					"DEBUG=1",
					"$(inherited)",
				);
				GCC_WARN_64_TO_32_BIT_CONVERSION = YES;
				GCC_WARN_ABOUT_RETURN_TYPE = YES_ERROR;
				GCC_WARN_UNDECLARED_SELECTOR = YES;
				GCC_WARN_UNINITIALIZED_AUTOS = YES_AGGRESSIVE;
				GCC_WARN_UNUSED_FUNCTION = YES;
				GCC_WARN_UNUSED_VARIABLE = YES;
				IPHONEOS_DEPLOYMENT_TARGET = 13.5;
				MTL_ENABLE_DEBUG_INFO = INCLUDE_SOURCE;
				MTL_FAST_MATH = YES;
				ONLY_ACTIVE_ARCH = YES;
				SDKROOT = iphoneos;
				SWIFT_ACTIVE_COMPILATION_CONDITIONS = DEBUG;
				SWIFT_OPTIMIZATION_LEVEL = "-Onone";
			};
			name = Debug;
		};
		81C670F72497BB7600B32676 /* Release */ = {
			isa = XCBuildConfiguration;
			buildSettings = {
				ALWAYS_SEARCH_USER_PATHS = NO;
				CLANG_ANALYZER_NONNULL = YES;
				CLANG_ANALYZER_NUMBER_OBJECT_CONVERSION = YES_AGGRESSIVE;
				CLANG_CXX_LANGUAGE_STANDARD = "gnu++14";
				CLANG_CXX_LIBRARY = "libc++";
				CLANG_ENABLE_MODULES = YES;
				CLANG_ENABLE_OBJC_ARC = YES;
				CLANG_ENABLE_OBJC_WEAK = YES;
				CLANG_WARN_BLOCK_CAPTURE_AUTORELEASING = YES;
				CLANG_WARN_BOOL_CONVERSION = YES;
				CLANG_WARN_COMMA = YES;
				CLANG_WARN_CONSTANT_CONVERSION = YES;
				CLANG_WARN_DEPRECATED_OBJC_IMPLEMENTATIONS = YES;
				CLANG_WARN_DIRECT_OBJC_ISA_USAGE = YES_ERROR;
				CLANG_WARN_DOCUMENTATION_COMMENTS = YES;
				CLANG_WARN_EMPTY_BODY = YES;
				CLANG_WARN_ENUM_CONVERSION = YES;
				CLANG_WARN_INFINITE_RECURSION = YES;
				CLANG_WARN_INT_CONVERSION = YES;
				CLANG_WARN_NON_LITERAL_NULL_CONVERSION = YES;
				CLANG_WARN_OBJC_IMPLICIT_RETAIN_SELF = YES;
				CLANG_WARN_OBJC_LITERAL_CONVERSION = YES;
				CLANG_WARN_OBJC_ROOT_CLASS = YES_ERROR;
				CLANG_WARN_RANGE_LOOP_ANALYSIS = YES;
				CLANG_WARN_STRICT_PROTOTYPES = YES;
				CLANG_WARN_SUSPICIOUS_MOVE = YES;
				CLANG_WARN_UNGUARDED_AVAILABILITY = YES_AGGRESSIVE;
				CLANG_WARN_UNREACHABLE_CODE = YES;
				CLANG_WARN__DUPLICATE_METHOD_MATCH = YES;
				COPY_PHASE_STRIP = NO;
				DEBUG_INFORMATION_FORMAT = "dwarf-with-dsym";
				ENABLE_NS_ASSERTIONS = NO;
				ENABLE_STRICT_OBJC_MSGSEND = YES;
				GCC_C_LANGUAGE_STANDARD = gnu11;
				GCC_NO_COMMON_BLOCKS = YES;
				GCC_WARN_64_TO_32_BIT_CONVERSION = YES;
				GCC_WARN_ABOUT_RETURN_TYPE = YES_ERROR;
				GCC_WARN_UNDECLARED_SELECTOR = YES;
				GCC_WARN_UNINITIALIZED_AUTOS = YES_AGGRESSIVE;
				GCC_WARN_UNUSED_FUNCTION = YES;
				GCC_WARN_UNUSED_VARIABLE = YES;
				IPHONEOS_DEPLOYMENT_TARGET = 13.5;
				MTL_ENABLE_DEBUG_INFO = NO;
				MTL_FAST_MATH = YES;
				SDKROOT = iphoneos;
				SWIFT_COMPILATION_MODE = wholemodule;
				SWIFT_OPTIMIZATION_LEVEL = "-O";
				VALIDATE_PRODUCT = YES;
			};
			name = Release;
		};
		81C670F92497BB7600B32676 /* Debug */ = {
			isa = XCBuildConfiguration;
			baseConfigurationReference = B1508565DC432DCBB3BFAF81 /* Pods-Alexandria.debug.xcconfig */;
			buildSettings = {
				ASSETCATALOG_COMPILER_APPICON_NAME = AppIcon;
				CODE_SIGN_ENTITLEMENTS = Alexandria/Alexandria.entitlements;
				"CODE_SIGN_IDENTITY[sdk=macosx*]" = "Apple Development";
				CODE_SIGN_STYLE = Automatic;
				DEVELOPMENT_TEAM = U9D3L3WWWY;
				INFOPLIST_FILE = Alexandria/Info.plist;
				"IPHONEOS_DEPLOYMENT_TARGET[sdk=macosx*]" = 13.4;
				LD_RUNPATH_SEARCH_PATHS = (
					"$(inherited)",
					"@executable_path/Frameworks",
				);
				MACOSX_DEPLOYMENT_TARGET = 10.15;
				PRODUCT_BUNDLE_IDENTIFIER = app.bitfrost.alexandria.education;
				PRODUCT_NAME = "$(TARGET_NAME)";
				SUPPORTS_MACCATALYST = YES;
				SWIFT_VERSION = 5.0;
				TARGETED_DEVICE_FAMILY = "1,2";
			};
			name = Debug;
		};
		81C670FA2497BB7600B32676 /* Release */ = {
			isa = XCBuildConfiguration;
			baseConfigurationReference = D04BA13C3211C9E35B91901C /* Pods-Alexandria.release.xcconfig */;
			buildSettings = {
				ASSETCATALOG_COMPILER_APPICON_NAME = AppIcon;
				CODE_SIGN_ENTITLEMENTS = Alexandria/Alexandria.entitlements;
				"CODE_SIGN_IDENTITY[sdk=macosx*]" = "Apple Development";
				CODE_SIGN_STYLE = Automatic;
				DEVELOPMENT_TEAM = U9D3L3WWWY;
				INFOPLIST_FILE = Alexandria/Info.plist;
				"IPHONEOS_DEPLOYMENT_TARGET[sdk=macosx*]" = 13.4;
				LD_RUNPATH_SEARCH_PATHS = (
					"$(inherited)",
					"@executable_path/Frameworks",
				);
				MACOSX_DEPLOYMENT_TARGET = 10.15;
				PRODUCT_BUNDLE_IDENTIFIER = app.bitfrost.alexandria.education;
				PRODUCT_NAME = "$(TARGET_NAME)";
				SUPPORTS_MACCATALYST = YES;
				SWIFT_VERSION = 5.0;
				TARGETED_DEVICE_FAMILY = "1,2";
			};
			name = Release;
		};
		81C670FC2497BB7600B32676 /* Debug */ = {
			isa = XCBuildConfiguration;
			baseConfigurationReference = 260328704970FA6A32394656 /* Pods-AlexandriaTests.debug.xcconfig */;
			buildSettings = {
				ALWAYS_EMBED_SWIFT_STANDARD_LIBRARIES = YES;
				BUNDLE_LOADER = "$(TEST_HOST)";
				CODE_SIGN_STYLE = Automatic;
				DEVELOPMENT_TEAM = U9D3L3WWWY;
				INFOPLIST_FILE = AlexandriaTests/Info.plist;
				IPHONEOS_DEPLOYMENT_TARGET = 13.5;
				LD_RUNPATH_SEARCH_PATHS = (
					"$(inherited)",
					"@executable_path/Frameworks",
					"@loader_path/Frameworks",
				);
				PRODUCT_BUNDLE_IDENTIFIER = app.bitfrost.AlexandriaTests;
				PRODUCT_NAME = "$(TARGET_NAME)";
				SWIFT_VERSION = 5.0;
				TARGETED_DEVICE_FAMILY = "1,2";
				TEST_HOST = "$(BUILT_PRODUCTS_DIR)/Alexandria.app/Alexandria";
			};
			name = Debug;
		};
		81C670FD2497BB7600B32676 /* Release */ = {
			isa = XCBuildConfiguration;
			baseConfigurationReference = ABE32B38628FBEC67C166EDE /* Pods-AlexandriaTests.release.xcconfig */;
			buildSettings = {
				ALWAYS_EMBED_SWIFT_STANDARD_LIBRARIES = YES;
				BUNDLE_LOADER = "$(TEST_HOST)";
				CODE_SIGN_STYLE = Automatic;
				DEVELOPMENT_TEAM = U9D3L3WWWY;
				INFOPLIST_FILE = AlexandriaTests/Info.plist;
				IPHONEOS_DEPLOYMENT_TARGET = 13.5;
				LD_RUNPATH_SEARCH_PATHS = (
					"$(inherited)",
					"@executable_path/Frameworks",
					"@loader_path/Frameworks",
				);
				PRODUCT_BUNDLE_IDENTIFIER = app.bitfrost.AlexandriaTests;
				PRODUCT_NAME = "$(TARGET_NAME)";
				SWIFT_VERSION = 5.0;
				TARGETED_DEVICE_FAMILY = "1,2";
				TEST_HOST = "$(BUILT_PRODUCTS_DIR)/Alexandria.app/Alexandria";
			};
			name = Release;
		};
		81C670FF2497BB7600B32676 /* Debug */ = {
			isa = XCBuildConfiguration;
			baseConfigurationReference = 70AF4C99E9126B66330ED29E /* Pods-Alexandria-AlexandriaUITests.debug.xcconfig */;
			buildSettings = {
				ALWAYS_EMBED_SWIFT_STANDARD_LIBRARIES = YES;
				CODE_SIGN_STYLE = Automatic;
				DEVELOPMENT_TEAM = U9D3L3WWWY;
				INFOPLIST_FILE = AlexandriaUITests/Info.plist;
				LD_RUNPATH_SEARCH_PATHS = (
					"$(inherited)",
					"@executable_path/Frameworks",
					"@loader_path/Frameworks",
				);
				PRODUCT_BUNDLE_IDENTIFIER = app.bitfrost.AlexandriaUITests;
				PRODUCT_NAME = "$(TARGET_NAME)";
				SWIFT_VERSION = 5.0;
				TARGETED_DEVICE_FAMILY = "1,2";
				TEST_TARGET_NAME = Alexandria;
			};
			name = Debug;
		};
		81C671002497BB7600B32676 /* Release */ = {
			isa = XCBuildConfiguration;
			baseConfigurationReference = 820B1FFEF539BD498C602FEE /* Pods-Alexandria-AlexandriaUITests.release.xcconfig */;
			buildSettings = {
				ALWAYS_EMBED_SWIFT_STANDARD_LIBRARIES = YES;
				CODE_SIGN_STYLE = Automatic;
				DEVELOPMENT_TEAM = U9D3L3WWWY;
				INFOPLIST_FILE = AlexandriaUITests/Info.plist;
				LD_RUNPATH_SEARCH_PATHS = (
					"$(inherited)",
					"@executable_path/Frameworks",
					"@loader_path/Frameworks",
				);
				PRODUCT_BUNDLE_IDENTIFIER = app.bitfrost.AlexandriaUITests;
				PRODUCT_NAME = "$(TARGET_NAME)";
				SWIFT_VERSION = 5.0;
				TARGETED_DEVICE_FAMILY = "1,2";
				TEST_TARGET_NAME = Alexandria;
			};
			name = Release;
		};
/* End XCBuildConfiguration section */

/* Begin XCConfigurationList section */
		81C670C92497BB7100B32676 /* Build configuration list for PBXProject "Alexandria" */ = {
			isa = XCConfigurationList;
			buildConfigurations = (
				81C670F62497BB7600B32676 /* Debug */,
				81C670F72497BB7600B32676 /* Release */,
			);
			defaultConfigurationIsVisible = 0;
			defaultConfigurationName = Release;
		};
		81C670F82497BB7600B32676 /* Build configuration list for PBXNativeTarget "Alexandria" */ = {
			isa = XCConfigurationList;
			buildConfigurations = (
				81C670F92497BB7600B32676 /* Debug */,
				81C670FA2497BB7600B32676 /* Release */,
			);
			defaultConfigurationIsVisible = 0;
			defaultConfigurationName = Release;
		};
		81C670FB2497BB7600B32676 /* Build configuration list for PBXNativeTarget "AlexandriaTests" */ = {
			isa = XCConfigurationList;
			buildConfigurations = (
				81C670FC2497BB7600B32676 /* Debug */,
				81C670FD2497BB7600B32676 /* Release */,
			);
			defaultConfigurationIsVisible = 0;
			defaultConfigurationName = Release;
		};
		81C670FE2497BB7600B32676 /* Build configuration list for PBXNativeTarget "AlexandriaUITests" */ = {
			isa = XCConfigurationList;
			buildConfigurations = (
				81C670FF2497BB7600B32676 /* Debug */,
				81C671002497BB7600B32676 /* Release */,
			);
			defaultConfigurationIsVisible = 0;
			defaultConfigurationName = Release;
		};
/* End XCConfigurationList section */

/* Begin XCRemoteSwiftPackageReference section */
		81C671012497BDBD00B32676 /* XCRemoteSwiftPackageReference "realm-cocoa" */ = {
			isa = XCRemoteSwiftPackageReference;
			repositoryURL = "https://github.com/realm/realm-cocoa.git";
			requirement = {
				kind = upToNextMajorVersion;
				minimumVersion = 5.0.3;
			};
		};
/* End XCRemoteSwiftPackageReference section */

/* Begin XCSwiftPackageProductDependency section */
		81C671022497BDBD00B32676 /* Realm */ = {
			isa = XCSwiftPackageProductDependency;
			package = 81C671012497BDBD00B32676 /* XCRemoteSwiftPackageReference "realm-cocoa" */;
			productName = Realm;
		};
		81C671042497BDBD00B32676 /* RealmSwift */ = {
			isa = XCSwiftPackageProductDependency;
			package = 81C671012497BDBD00B32676 /* XCRemoteSwiftPackageReference "realm-cocoa" */;
			productName = RealmSwift;
		};
/* End XCSwiftPackageProductDependency section */
	};
	rootObject = 81C670C62497BB7100B32676 /* Project object */;
}
