// !$*UTF8*$!
{
	archiveVersion = 1;
	classes = {
	};
	objectVersion = 52;
	objects = {

/* Begin PBXBuildFile section */
		727C145F78D60CBE2D20FEF0 /* Pods_Alexandria_AlexandriaUITests.framework in Frameworks */ = {isa = PBXBuildFile; fileRef = B572DFBE6E0992CECECB422E /* Pods_Alexandria_AlexandriaUITests.framework */; };
		81C670D22497BB7100B32676 /* AppDelegate.swift in Sources */ = {isa = PBXBuildFile; fileRef = 81C670D12497BB7100B32676 /* AppDelegate.swift */; };
		81C670D42497BB7100B32676 /* SceneDelegate.swift in Sources */ = {isa = PBXBuildFile; fileRef = 81C670D32497BB7100B32676 /* SceneDelegate.swift */; };
		81C670D62497BB7100B32676 /* MyShelvesViewController.swift in Sources */ = {isa = PBXBuildFile; fileRef = 81C670D52497BB7100B32676 /* MyShelvesViewController.swift */; };
		81C670D92497BB7100B32676 /* Main.storyboard in Resources */ = {isa = PBXBuildFile; fileRef = 81C670D72497BB7100B32676 /* Main.storyboard */; };
		81C670DB2497BB7600B32676 /* Assets.xcassets in Resources */ = {isa = PBXBuildFile; fileRef = 81C670DA2497BB7600B32676 /* Assets.xcassets */; };
		81C670DE2497BB7600B32676 /* LaunchScreen.storyboard in Resources */ = {isa = PBXBuildFile; fileRef = 81C670DC2497BB7600B32676 /* LaunchScreen.storyboard */; };
		81C670E92497BB7600B32676 /* AlexandriaTests.swift in Sources */ = {isa = PBXBuildFile; fileRef = 81C670E82497BB7600B32676 /* AlexandriaTests.swift */; };
		81C670F42497BB7600B32676 /* AlexandriaUITests.swift in Sources */ = {isa = PBXBuildFile; fileRef = 81C670F32497BB7600B32676 /* AlexandriaUITests.swift */; };
		81C671032497BDBD00B32676 /* Realm in Frameworks */ = {isa = PBXBuildFile; productRef = 81C671022497BDBD00B32676 /* Realm */; };
		81C671052497BDBD00B32676 /* RealmSwift in Frameworks */ = {isa = PBXBuildFile; productRef = 81C671042497BDBD00B32676 /* RealmSwift */; };
		81C671102499361C00B32676 /* MyVaultsViewController.swift in Sources */ = {isa = PBXBuildFile; fileRef = 81C6710F2499361C00B32676 /* MyVaultsViewController.swift */; };
		81C671122499365000B32676 /* MetricsViewController.swift in Sources */ = {isa = PBXBuildFile; fileRef = 81C671112499365000B32676 /* MetricsViewController.swift */; };
		81C671142499367200B32676 /* MyTeamsViewController.swift in Sources */ = {isa = PBXBuildFile; fileRef = 81C671132499367200B32676 /* MyTeamsViewController.swift */; };
		81C67116249936A300B32676 /* RegisterLoginViewController.swift in Sources */ = {isa = PBXBuildFile; fileRef = 81C67115249936A300B32676 /* RegisterLoginViewController.swift */; };
		81C67118249936CD00B32676 /* RegisterViewController.swift in Sources */ = {isa = PBXBuildFile; fileRef = 81C67117249936CD00B32676 /* RegisterViewController.swift */; };
		81C6711A249936FA00B32676 /* LoginViewController.swift in Sources */ = {isa = PBXBuildFile; fileRef = 81C67119249936FA00B32676 /* LoginViewController.swift */; };
		81C6711C2499373500B32676 /* MyProfileViewController.swift in Sources */ = {isa = PBXBuildFile; fileRef = 81C6711B2499373500B32676 /* MyProfileViewController.swift */; };
		81F417D824A26371005193F9 /* TabBarDelegate.swift in Sources */ = {isa = PBXBuildFile; fileRef = 81F417D724A26371005193F9 /* TabBarDelegate.swift */; };
		81F417DA24A2C0DA005193F9 /* AuthenticationSource.swift in Sources */ = {isa = PBXBuildFile; fileRef = 81F417D924A2C0DA005193F9 /* AuthenticationSource.swift */; };
		81F417E124A2F32D005193F9 /* MyProfileLogoCell.swift in Sources */ = {isa = PBXBuildFile; fileRef = 81F417DF24A2F32D005193F9 /* MyProfileLogoCell.swift */; };
		81F417E224A2F32D005193F9 /* MyProfileLogoCell.xib in Resources */ = {isa = PBXBuildFile; fileRef = 81F417E024A2F32D005193F9 /* MyProfileLogoCell.xib */; };
		81F417E524A2F34C005193F9 /* MyProfileNameCell.swift in Sources */ = {isa = PBXBuildFile; fileRef = 81F417E324A2F34C005193F9 /* MyProfileNameCell.swift */; };
		81F417E624A2F34C005193F9 /* MyProfileNameCell.xib in Resources */ = {isa = PBXBuildFile; fileRef = 81F417E424A2F34C005193F9 /* MyProfileNameCell.xib */; };
		81F417E924A2F370005193F9 /* MyProfileContentCell.swift in Sources */ = {isa = PBXBuildFile; fileRef = 81F417E724A2F370005193F9 /* MyProfileContentCell.swift */; };
		81F417EA24A2F370005193F9 /* MyProfileContentCell.xib in Resources */ = {isa = PBXBuildFile; fileRef = 81F417E824A2F370005193F9 /* MyProfileContentCell.xib */; };
		81F417F024A2F947005193F9 /* MyProfileLogoutCell.swift in Sources */ = {isa = PBXBuildFile; fileRef = 81F417EE24A2F947005193F9 /* MyProfileLogoutCell.swift */; };
		81F417F124A2F947005193F9 /* MyProfileLogoutCell.xib in Resources */ = {isa = PBXBuildFile; fileRef = 81F417EF24A2F947005193F9 /* MyProfileLogoutCell.xib */; };
		81F750C9249980020018DF71 /* Righteous-Regular.ttf in Resources */ = {isa = PBXBuildFile; fileRef = 81F750C8249980020018DF71 /* Righteous-Regular.ttf */; };
		81F750CB249AFE790018DF71 /* SettingsViewController.swift in Sources */ = {isa = PBXBuildFile; fileRef = 81F750CA249AFE790018DF71 /* SettingsViewController.swift */; };
		81F750D1249B27CA0018DF71 /* RequestManager.swift in Sources */ = {isa = PBXBuildFile; fileRef = 81F750D0249B27CA0018DF71 /* RequestManager.swift */; };
		81F750D3249B27EB0018DF71 /* UserData.swift in Sources */ = {isa = PBXBuildFile; fileRef = 81F750D2249B27EB0018DF71 /* UserData.swift */; };
		81F750D5249B293D0018DF71 /* Socket.swift in Sources */ = {isa = PBXBuildFile; fileRef = 81F750D4249B293D0018DF71 /* Socket.swift */; };
		81F750D7249BD8F00018DF71 /* Team.swift in Sources */ = {isa = PBXBuildFile; fileRef = 81F750D6249BD8F00018DF71 /* Team.swift */; };
		81F750D9249BD9A60018DF71 /* CloudUser.swift in Sources */ = {isa = PBXBuildFile; fileRef = 81F750D8249BD9A60018DF71 /* CloudUser.swift */; };
		81F750DB249BD9F20018DF71 /* UnloggedUser.swift in Sources */ = {isa = PBXBuildFile; fileRef = 81F750DA249BD9F20018DF71 /* UnloggedUser.swift */; };
		81F750DD249BDA680018DF71 /* RealmDataStructures.swift in Sources */ = {isa = PBXBuildFile; fileRef = 81F750DC249BDA680018DF71 /* RealmDataStructures.swift */; };
		81F9EE8224A04F5400931575 /* NewUserManager.swift in Sources */ = {isa = PBXBuildFile; fileRef = 81F9EE8124A04F5400931575 /* NewUserManager.swift */; };
		D320C22B554EA993AA2639AE /* Pods_AlexandriaTests.framework in Frameworks */ = {isa = PBXBuildFile; fileRef = 0A82B6B06F589AB60609B841 /* Pods_AlexandriaTests.framework */; };
		E9341CB11852CB2CC99D553E /* Pods_Alexandria.framework in Frameworks */ = {isa = PBXBuildFile; fileRef = BEB06A4F4E99124CFE273C98 /* Pods_Alexandria.framework */; };
/* End PBXBuildFile section */

/* Begin PBXContainerItemProxy section */
		81C670E52497BB7600B32676 /* PBXContainerItemProxy */ = {
			isa = PBXContainerItemProxy;
			containerPortal = 81C670C62497BB7100B32676 /* Project object */;
			proxyType = 1;
			remoteGlobalIDString = 81C670CD2497BB7100B32676;
			remoteInfo = Alexandria;
		};
		81C670F02497BB7600B32676 /* PBXContainerItemProxy */ = {
			isa = PBXContainerItemProxy;
			containerPortal = 81C670C62497BB7100B32676 /* Project object */;
			proxyType = 1;
			remoteGlobalIDString = 81C670CD2497BB7100B32676;
			remoteInfo = Alexandria;
		};
/* End PBXContainerItemProxy section */

/* Begin PBXFileReference section */
		0A82B6B06F589AB60609B841 /* Pods_AlexandriaTests.framework */ = {isa = PBXFileReference; explicitFileType = wrapper.framework; includeInIndex = 0; path = Pods_AlexandriaTests.framework; sourceTree = BUILT_PRODUCTS_DIR; };
		260328704970FA6A32394656 /* Pods-AlexandriaTests.debug.xcconfig */ = {isa = PBXFileReference; includeInIndex = 1; lastKnownFileType = text.xcconfig; name = "Pods-AlexandriaTests.debug.xcconfig"; path = "Target Support Files/Pods-AlexandriaTests/Pods-AlexandriaTests.debug.xcconfig"; sourceTree = "<group>"; };
		70AF4C99E9126B66330ED29E /* Pods-Alexandria-AlexandriaUITests.debug.xcconfig */ = {isa = PBXFileReference; includeInIndex = 1; lastKnownFileType = text.xcconfig; name = "Pods-Alexandria-AlexandriaUITests.debug.xcconfig"; path = "Target Support Files/Pods-Alexandria-AlexandriaUITests/Pods-Alexandria-AlexandriaUITests.debug.xcconfig"; sourceTree = "<group>"; };
		81C670CE2497BB7100B32676 /* Alexandria.app */ = {isa = PBXFileReference; explicitFileType = wrapper.application; includeInIndex = 0; path = Alexandria.app; sourceTree = BUILT_PRODUCTS_DIR; };
		81C670D12497BB7100B32676 /* AppDelegate.swift */ = {isa = PBXFileReference; lastKnownFileType = sourcecode.swift; path = AppDelegate.swift; sourceTree = "<group>"; };
		81C670D32497BB7100B32676 /* SceneDelegate.swift */ = {isa = PBXFileReference; lastKnownFileType = sourcecode.swift; path = SceneDelegate.swift; sourceTree = "<group>"; };
		81C670D52497BB7100B32676 /* MyShelvesViewController.swift */ = {isa = PBXFileReference; lastKnownFileType = sourcecode.swift; path = MyShelvesViewController.swift; sourceTree = "<group>"; };
		81C670D82497BB7100B32676 /* Base */ = {isa = PBXFileReference; lastKnownFileType = file.storyboard; name = Base; path = Base.lproj/Main.storyboard; sourceTree = "<group>"; };
		81C670DA2497BB7600B32676 /* Assets.xcassets */ = {isa = PBXFileReference; lastKnownFileType = folder.assetcatalog; path = Assets.xcassets; sourceTree = "<group>"; };
		81C670DD2497BB7600B32676 /* Base */ = {isa = PBXFileReference; lastKnownFileType = file.storyboard; name = Base; path = Base.lproj/LaunchScreen.storyboard; sourceTree = "<group>"; };
		81C670DF2497BB7600B32676 /* Info.plist */ = {isa = PBXFileReference; lastKnownFileType = text.plist.xml; path = Info.plist; sourceTree = "<group>"; };
		81C670E42497BB7600B32676 /* AlexandriaTests.xctest */ = {isa = PBXFileReference; explicitFileType = wrapper.cfbundle; includeInIndex = 0; path = AlexandriaTests.xctest; sourceTree = BUILT_PRODUCTS_DIR; };
		81C670E82497BB7600B32676 /* AlexandriaTests.swift */ = {isa = PBXFileReference; lastKnownFileType = sourcecode.swift; path = AlexandriaTests.swift; sourceTree = "<group>"; };
		81C670EA2497BB7600B32676 /* Info.plist */ = {isa = PBXFileReference; lastKnownFileType = text.plist.xml; path = Info.plist; sourceTree = "<group>"; };
		81C670EF2497BB7600B32676 /* AlexandriaUITests.xctest */ = {isa = PBXFileReference; explicitFileType = wrapper.cfbundle; includeInIndex = 0; path = AlexandriaUITests.xctest; sourceTree = BUILT_PRODUCTS_DIR; };
		81C670F32497BB7600B32676 /* AlexandriaUITests.swift */ = {isa = PBXFileReference; lastKnownFileType = sourcecode.swift; path = AlexandriaUITests.swift; sourceTree = "<group>"; };
		81C670F52497BB7600B32676 /* Info.plist */ = {isa = PBXFileReference; lastKnownFileType = text.plist.xml; path = Info.plist; sourceTree = "<group>"; };
		81C6710E2497D0C700B32676 /* Alexandria.entitlements */ = {isa = PBXFileReference; lastKnownFileType = text.plist.entitlements; path = Alexandria.entitlements; sourceTree = "<group>"; };
		81C6710F2499361C00B32676 /* MyVaultsViewController.swift */ = {isa = PBXFileReference; lastKnownFileType = sourcecode.swift; path = MyVaultsViewController.swift; sourceTree = "<group>"; };
		81C671112499365000B32676 /* MetricsViewController.swift */ = {isa = PBXFileReference; lastKnownFileType = sourcecode.swift; path = MetricsViewController.swift; sourceTree = "<group>"; };
		81C671132499367200B32676 /* MyTeamsViewController.swift */ = {isa = PBXFileReference; lastKnownFileType = sourcecode.swift; path = MyTeamsViewController.swift; sourceTree = "<group>"; };
		81C67115249936A300B32676 /* RegisterLoginViewController.swift */ = {isa = PBXFileReference; lastKnownFileType = sourcecode.swift; path = RegisterLoginViewController.swift; sourceTree = "<group>"; };
		81C67117249936CD00B32676 /* RegisterViewController.swift */ = {isa = PBXFileReference; lastKnownFileType = sourcecode.swift; path = RegisterViewController.swift; sourceTree = "<group>"; };
		81C67119249936FA00B32676 /* LoginViewController.swift */ = {isa = PBXFileReference; lastKnownFileType = sourcecode.swift; path = LoginViewController.swift; sourceTree = "<group>"; };
		81C6711B2499373500B32676 /* MyProfileViewController.swift */ = {isa = PBXFileReference; lastKnownFileType = sourcecode.swift; path = MyProfileViewController.swift; sourceTree = "<group>"; };
		81F417D724A26371005193F9 /* TabBarDelegate.swift */ = {isa = PBXFileReference; lastKnownFileType = sourcecode.swift; path = TabBarDelegate.swift; sourceTree = "<group>"; };
		81F417D924A2C0DA005193F9 /* AuthenticationSource.swift */ = {isa = PBXFileReference; lastKnownFileType = sourcecode.swift; path = AuthenticationSource.swift; sourceTree = "<group>"; };
		81F417DF24A2F32D005193F9 /* MyProfileLogoCell.swift */ = {isa = PBXFileReference; lastKnownFileType = sourcecode.swift; path = MyProfileLogoCell.swift; sourceTree = "<group>"; };
		81F417E024A2F32D005193F9 /* MyProfileLogoCell.xib */ = {isa = PBXFileReference; lastKnownFileType = file.xib; path = MyProfileLogoCell.xib; sourceTree = "<group>"; };
		81F417E324A2F34C005193F9 /* MyProfileNameCell.swift */ = {isa = PBXFileReference; lastKnownFileType = sourcecode.swift; path = MyProfileNameCell.swift; sourceTree = "<group>"; };
		81F417E424A2F34C005193F9 /* MyProfileNameCell.xib */ = {isa = PBXFileReference; lastKnownFileType = file.xib; path = MyProfileNameCell.xib; sourceTree = "<group>"; };
		81F417E724A2F370005193F9 /* MyProfileContentCell.swift */ = {isa = PBXFileReference; lastKnownFileType = sourcecode.swift; path = MyProfileContentCell.swift; sourceTree = "<group>"; };
		81F417E824A2F370005193F9 /* MyProfileContentCell.xib */ = {isa = PBXFileReference; lastKnownFileType = file.xib; path = MyProfileContentCell.xib; sourceTree = "<group>"; };
		81F417EE24A2F947005193F9 /* MyProfileLogoutCell.swift */ = {isa = PBXFileReference; lastKnownFileType = sourcecode.swift; path = MyProfileLogoutCell.swift; sourceTree = "<group>"; };
		81F417EF24A2F947005193F9 /* MyProfileLogoutCell.xib */ = {isa = PBXFileReference; lastKnownFileType = file.xib; path = MyProfileLogoutCell.xib; sourceTree = "<group>"; };
		81F750C8249980020018DF71 /* Righteous-Regular.ttf */ = {isa = PBXFileReference; lastKnownFileType = file; path = "Righteous-Regular.ttf"; sourceTree = "<group>"; };
		81F750CA249AFE790018DF71 /* SettingsViewController.swift */ = {isa = PBXFileReference; lastKnownFileType = sourcecode.swift; path = SettingsViewController.swift; sourceTree = "<group>"; };
		81F750D0249B27CA0018DF71 /* RequestManager.swift */ = {isa = PBXFileReference; lastKnownFileType = sourcecode.swift; path = RequestManager.swift; sourceTree = "<group>"; };
		81F750D2249B27EB0018DF71 /* UserData.swift */ = {isa = PBXFileReference; lastKnownFileType = sourcecode.swift; path = UserData.swift; sourceTree = "<group>"; };
		81F750D4249B293D0018DF71 /* Socket.swift */ = {isa = PBXFileReference; lastKnownFileType = sourcecode.swift; path = Socket.swift; sourceTree = "<group>"; };
		81F750D6249BD8F00018DF71 /* Team.swift */ = {isa = PBXFileReference; lastKnownFileType = sourcecode.swift; path = Team.swift; sourceTree = "<group>"; };
		81F750D8249BD9A60018DF71 /* CloudUser.swift */ = {isa = PBXFileReference; lastKnownFileType = sourcecode.swift; path = CloudUser.swift; sourceTree = "<group>"; };
		81F750DA249BD9F20018DF71 /* UnloggedUser.swift */ = {isa = PBXFileReference; lastKnownFileType = sourcecode.swift; path = UnloggedUser.swift; sourceTree = "<group>"; };
		81F750DC249BDA680018DF71 /* RealmDataStructures.swift */ = {isa = PBXFileReference; lastKnownFileType = sourcecode.swift; path = RealmDataStructures.swift; sourceTree = "<group>"; };
		81F9EE8124A04F5400931575 /* NewUserManager.swift */ = {isa = PBXFileReference; lastKnownFileType = sourcecode.swift; path = NewUserManager.swift; sourceTree = "<group>"; };
		820B1FFEF539BD498C602FEE /* Pods-Alexandria-AlexandriaUITests.release.xcconfig */ = {isa = PBXFileReference; includeInIndex = 1; lastKnownFileType = text.xcconfig; name = "Pods-Alexandria-AlexandriaUITests.release.xcconfig"; path = "Target Support Files/Pods-Alexandria-AlexandriaUITests/Pods-Alexandria-AlexandriaUITests.release.xcconfig"; sourceTree = "<group>"; };
		ABE32B38628FBEC67C166EDE /* Pods-AlexandriaTests.release.xcconfig */ = {isa = PBXFileReference; includeInIndex = 1; lastKnownFileType = text.xcconfig; name = "Pods-AlexandriaTests.release.xcconfig"; path = "Target Support Files/Pods-AlexandriaTests/Pods-AlexandriaTests.release.xcconfig"; sourceTree = "<group>"; };
		B1508565DC432DCBB3BFAF81 /* Pods-Alexandria.debug.xcconfig */ = {isa = PBXFileReference; includeInIndex = 1; lastKnownFileType = text.xcconfig; name = "Pods-Alexandria.debug.xcconfig"; path = "Target Support Files/Pods-Alexandria/Pods-Alexandria.debug.xcconfig"; sourceTree = "<group>"; };
		B572DFBE6E0992CECECB422E /* Pods_Alexandria_AlexandriaUITests.framework */ = {isa = PBXFileReference; explicitFileType = wrapper.framework; includeInIndex = 0; path = Pods_Alexandria_AlexandriaUITests.framework; sourceTree = BUILT_PRODUCTS_DIR; };
		BEB06A4F4E99124CFE273C98 /* Pods_Alexandria.framework */ = {isa = PBXFileReference; explicitFileType = wrapper.framework; includeInIndex = 0; path = Pods_Alexandria.framework; sourceTree = BUILT_PRODUCTS_DIR; };
		D04BA13C3211C9E35B91901C /* Pods-Alexandria.release.xcconfig */ = {isa = PBXFileReference; includeInIndex = 1; lastKnownFileType = text.xcconfig; name = "Pods-Alexandria.release.xcconfig"; path = "Target Support Files/Pods-Alexandria/Pods-Alexandria.release.xcconfig"; sourceTree = "<group>"; };
/* End PBXFileReference section */

/* Begin PBXFrameworksBuildPhase section */
		81C670CB2497BB7100B32676 /* Frameworks */ = {
			isa = PBXFrameworksBuildPhase;
			buildActionMask = 2147483647;
			files = (
				81C671052497BDBD00B32676 /* RealmSwift in Frameworks */,
				81C671032497BDBD00B32676 /* Realm in Frameworks */,
				E9341CB11852CB2CC99D553E /* Pods_Alexandria.framework in Frameworks */,
			);
			runOnlyForDeploymentPostprocessing = 0;
		};
		81C670E12497BB7600B32676 /* Frameworks */ = {
			isa = PBXFrameworksBuildPhase;
			buildActionMask = 2147483647;
			files = (
				D320C22B554EA993AA2639AE /* Pods_AlexandriaTests.framework in Frameworks */,
			);
			runOnlyForDeploymentPostprocessing = 0;
		};
		81C670EC2497BB7600B32676 /* Frameworks */ = {
			isa = PBXFrameworksBuildPhase;
			buildActionMask = 2147483647;
			files = (
				727C145F78D60CBE2D20FEF0 /* Pods_Alexandria_AlexandriaUITests.framework in Frameworks */,
			);
			runOnlyForDeploymentPostprocessing = 0;
		};
/* End PBXFrameworksBuildPhase section */

/* Begin PBXGroup section */
		47364B8CE76E99A23ED433D9 /* Frameworks */ = {
			isa = PBXGroup;
			children = (
				BEB06A4F4E99124CFE273C98 /* Pods_Alexandria.framework */,
				B572DFBE6E0992CECECB422E /* Pods_Alexandria_AlexandriaUITests.framework */,
				0A82B6B06F589AB60609B841 /* Pods_AlexandriaTests.framework */,
			);
			name = Frameworks;
			sourceTree = "<group>";
		};
		811BB16E249940400074F36E /* fonts */ = {
			isa = PBXGroup;
			children = (
				81F750C8249980020018DF71 /* Righteous-Regular.ttf */,
			);
			path = fonts;
			sourceTree = "<group>";
		};
		81C670C52497BB7100B32676 = {
			isa = PBXGroup;
			children = (
				81C670D02497BB7100B32676 /* Alexandria */,
				811BB16E249940400074F36E /* fonts */,
				81C670E72497BB7600B32676 /* AlexandriaTests */,
				81C670F22497BB7600B32676 /* AlexandriaUITests */,
				81C670CF2497BB7100B32676 /* Products */,
				C44F30F292E6A3BE349C476B /* Pods */,
				47364B8CE76E99A23ED433D9 /* Frameworks */,
			);
			sourceTree = "<group>";
		};
		81C670CF2497BB7100B32676 /* Products */ = {
			isa = PBXGroup;
			children = (
				81C670CE2497BB7100B32676 /* Alexandria.app */,
				81C670E42497BB7600B32676 /* AlexandriaTests.xctest */,
				81C670EF2497BB7600B32676 /* AlexandriaUITests.xctest */,
			);
			name = Products;
			sourceTree = "<group>";
		};
		81C670D02497BB7100B32676 /* Alexandria */ = {
			isa = PBXGroup;
			children = (
				81C6710E2497D0C700B32676 /* Alexandria.entitlements */,
				81C671082497CDE700B32676 /* Controllers */,
				81C671072497CDE000B32676 /* Views */,
				81C671062497CDD800B32676 /* Models */,
				81C670DA2497BB7600B32676 /* Assets.xcassets */,
				81C670DF2497BB7600B32676 /* Info.plist */,
			);
			path = Alexandria;
			sourceTree = "<group>";
		};
		81C670E72497BB7600B32676 /* AlexandriaTests */ = {
			isa = PBXGroup;
			children = (
				81C670E82497BB7600B32676 /* AlexandriaTests.swift */,
				81C670EA2497BB7600B32676 /* Info.plist */,
			);
			path = AlexandriaTests;
			sourceTree = "<group>";
		};
		81C670F22497BB7600B32676 /* AlexandriaUITests */ = {
			isa = PBXGroup;
			children = (
				81C670F32497BB7600B32676 /* AlexandriaUITests.swift */,
				81C670F52497BB7600B32676 /* Info.plist */,
			);
			path = AlexandriaUITests;
			sourceTree = "<group>";
		};
		81C671062497CDD800B32676 /* Models */ = {
			isa = PBXGroup;
			children = (
				81C6710D2497CEC700B32676 /* Local Model */,
				81C6710C2497CEC000B32676 /* Web Model */,
				81C6710A2497CE3300B32676 /* Data Model */,
				81C671092497CE2900B32676 /* Delegates */,
			);
			path = Models;
			sourceTree = "<group>";
		};
		81C671072497CDE000B32676 /* Views */ = {
			isa = PBXGroup;
			children = (
				81C670D72497BB7100B32676 /* Main.storyboard */,
				81C670DC2497BB7600B32676 /* LaunchScreen.storyboard */,
			);
			path = Views;
			sourceTree = "<group>";
		};
		81C671082497CDE700B32676 /* Controllers */ = {
			isa = PBXGroup;
			children = (
				81F750CD249AFED60018DF71 /* Main Tab Bar */,
				81F9EE8024A04E5500931575 /* Navigation Bar */,
			);
			path = Controllers;
			sourceTree = "<group>";
		};
		81C671092497CE2900B32676 /* Delegates */ = {
			isa = PBXGroup;
			children = (
				81C670D12497BB7100B32676 /* AppDelegate.swift */,
				81C670D32497BB7100B32676 /* SceneDelegate.swift */,
				81F417D724A26371005193F9 /* TabBarDelegate.swift */,
			);
			path = Delegates;
			sourceTree = "<group>";
		};
		81C6710A2497CE3300B32676 /* Data Model */ = {
			isa = PBXGroup;
			children = (
				81F750D6249BD8F00018DF71 /* Team.swift */,
				81F750D8249BD9A60018DF71 /* CloudUser.swift */,
				81F750DA249BD9F20018DF71 /* UnloggedUser.swift */,
				81F750DC249BDA680018DF71 /* RealmDataStructures.swift */,
			);
			path = "Data Model";
			sourceTree = "<group>";
		};
		81C6710C2497CEC000B32676 /* Web Model */ = {
			isa = PBXGroup;
			children = (
				81F750D0249B27CA0018DF71 /* RequestManager.swift */,
				81F750D2249B27EB0018DF71 /* UserData.swift */,
				81F750D4249B293D0018DF71 /* Socket.swift */,
				81F9EE8124A04F5400931575 /* NewUserManager.swift */,
			);
			path = "Web Model";
			sourceTree = "<group>";
		};
		81C6710D2497CEC700B32676 /* Local Model */ = {
			isa = PBXGroup;
			children = (
				81F417D924A2C0DA005193F9 /* AuthenticationSource.swift */,
				81F417ED24A2F3A3005193F9 /* My Profile */,
			);
			path = "Local Model";
			sourceTree = "<group>";
		};
		81F417ED24A2F3A3005193F9 /* My Profile */ = {
			isa = PBXGroup;
			children = (
				81F417DF24A2F32D005193F9 /* MyProfileLogoCell.swift */,
				81F417E024A2F32D005193F9 /* MyProfileLogoCell.xib */,
				81F417E324A2F34C005193F9 /* MyProfileNameCell.swift */,
				81F417E424A2F34C005193F9 /* MyProfileNameCell.xib */,
				81F417E724A2F370005193F9 /* MyProfileContentCell.swift */,
				81F417E824A2F370005193F9 /* MyProfileContentCell.xib */,
				81F417EE24A2F947005193F9 /* MyProfileLogoutCell.swift */,
				81F417EF24A2F947005193F9 /* MyProfileLogoutCell.xib */,
			);
			path = "My Profile";
			sourceTree = "<group>";
		};
		81F750CC249AFE9A0018DF71 /* Profile Icon */ = {
			isa = PBXGroup;
			children = (
				81C67115249936A300B32676 /* RegisterLoginViewController.swift */,
				81C67117249936CD00B32676 /* RegisterViewController.swift */,
				81C67119249936FA00B32676 /* LoginViewController.swift */,
				81C6711B2499373500B32676 /* MyProfileViewController.swift */,
			);
			path = "Profile Icon";
			sourceTree = "<group>";
		};
		81F750CD249AFED60018DF71 /* Main Tab Bar */ = {
			isa = PBXGroup;
			children = (
				81C670D52497BB7100B32676 /* MyShelvesViewController.swift */,
				81C6710F2499361C00B32676 /* MyVaultsViewController.swift */,
				81C671112499365000B32676 /* MetricsViewController.swift */,
				81C671132499367200B32676 /* MyTeamsViewController.swift */,
			);
			path = "Main Tab Bar";
			sourceTree = "<group>";
		};
		81F9EE8024A04E5500931575 /* Navigation Bar */ = {
			isa = PBXGroup;
			children = (
				81F750CA249AFE790018DF71 /* SettingsViewController.swift */,
				81F750CC249AFE9A0018DF71 /* Profile Icon */,
			);
			path = "Navigation Bar";
			sourceTree = "<group>";
		};
		C44F30F292E6A3BE349C476B /* Pods */ = {
			isa = PBXGroup;
			children = (
				B1508565DC432DCBB3BFAF81 /* Pods-Alexandria.debug.xcconfig */,
				D04BA13C3211C9E35B91901C /* Pods-Alexandria.release.xcconfig */,
				70AF4C99E9126B66330ED29E /* Pods-Alexandria-AlexandriaUITests.debug.xcconfig */,
				820B1FFEF539BD498C602FEE /* Pods-Alexandria-AlexandriaUITests.release.xcconfig */,
				260328704970FA6A32394656 /* Pods-AlexandriaTests.debug.xcconfig */,
				ABE32B38628FBEC67C166EDE /* Pods-AlexandriaTests.release.xcconfig */,
			);
			path = Pods;
			sourceTree = "<group>";
		};
/* End PBXGroup section */

/* Begin PBXNativeTarget section */
		81C670CD2497BB7100B32676 /* Alexandria */ = {
			isa = PBXNativeTarget;
			buildConfigurationList = 81C670F82497BB7600B32676 /* Build configuration list for PBXNativeTarget "Alexandria" */;
			buildPhases = (
				109EA95433DDDFEA7A199BBB /* [CP] Check Pods Manifest.lock */,
				81C670CA2497BB7100B32676 /* Sources */,
				81C670CB2497BB7100B32676 /* Frameworks */,
				81C670CC2497BB7100B32676 /* Resources */,
				C346B313CEE9F0705595D032 /* [CP] Embed Pods Frameworks */,
			);
			buildRules = (
			);
			dependencies = (
			);
			name = Alexandria;
			packageProductDependencies = (
				81C671022497BDBD00B32676 /* Realm */,
				81C671042497BDBD00B32676 /* RealmSwift */,
			);
			productName = Alexandria;
			productReference = 81C670CE2497BB7100B32676 /* Alexandria.app */;
			productType = "com.apple.product-type.application";
		};
		81C670E32497BB7600B32676 /* AlexandriaTests */ = {
			isa = PBXNativeTarget;
			buildConfigurationList = 81C670FB2497BB7600B32676 /* Build configuration list for PBXNativeTarget "AlexandriaTests" */;
			buildPhases = (
				6757F032311A4F703F2ECE61 /* [CP] Check Pods Manifest.lock */,
				81C670E02497BB7600B32676 /* Sources */,
				81C670E12497BB7600B32676 /* Frameworks */,
				81C670E22497BB7600B32676 /* Resources */,
			);
			buildRules = (
			);
			dependencies = (
				81C670E62497BB7600B32676 /* PBXTargetDependency */,
			);
			name = AlexandriaTests;
			productName = AlexandriaTests;
			productReference = 81C670E42497BB7600B32676 /* AlexandriaTests.xctest */;
			productType = "com.apple.product-type.bundle.unit-test";
		};
		81C670EE2497BB7600B32676 /* AlexandriaUITests */ = {
			isa = PBXNativeTarget;
			buildConfigurationList = 81C670FE2497BB7600B32676 /* Build configuration list for PBXNativeTarget "AlexandriaUITests" */;
			buildPhases = (
				3C3DD567DE03EBA0BC99D89A /* [CP] Check Pods Manifest.lock */,
				81C670EB2497BB7600B32676 /* Sources */,
				81C670EC2497BB7600B32676 /* Frameworks */,
				81C670ED2497BB7600B32676 /* Resources */,
				80CE26E7BF45EC2FF2EFF7F8 /* [CP] Embed Pods Frameworks */,
			);
			buildRules = (
			);
			dependencies = (
				81C670F12497BB7600B32676 /* PBXTargetDependency */,
			);
			name = AlexandriaUITests;
			productName = AlexandriaUITests;
			productReference = 81C670EF2497BB7600B32676 /* AlexandriaUITests.xctest */;
			productType = "com.apple.product-type.bundle.ui-testing";
		};
/* End PBXNativeTarget section */

/* Begin PBXProject section */
		81C670C62497BB7100B32676 /* Project object */ = {
			isa = PBXProject;
			attributes = {
				LastSwiftUpdateCheck = 1150;
				LastUpgradeCheck = 1150;
				ORGANIZATIONNAME = BITFROST;
				TargetAttributes = {
					81C670CD2497BB7100B32676 = {
						CreatedOnToolsVersion = 11.5;
					};
					81C670E32497BB7600B32676 = {
						CreatedOnToolsVersion = 11.5;
						TestTargetID = 81C670CD2497BB7100B32676;
					};
					81C670EE2497BB7600B32676 = {
						CreatedOnToolsVersion = 11.5;
						TestTargetID = 81C670CD2497BB7100B32676;
					};
				};
			};
			buildConfigurationList = 81C670C92497BB7100B32676 /* Build configuration list for PBXProject "Alexandria" */;
			compatibilityVersion = "Xcode 9.3";
			developmentRegion = en;
			hasScannedForEncodings = 0;
			knownRegions = (
				en,
				Base,
			);
			mainGroup = 81C670C52497BB7100B32676;
			packageReferences = (
				81C671012497BDBD00B32676 /* XCRemoteSwiftPackageReference "realm-cocoa" */,
			);
			productRefGroup = 81C670CF2497BB7100B32676 /* Products */;
			projectDirPath = "";
			projectRoot = "";
			targets = (
				81C670CD2497BB7100B32676 /* Alexandria */,
				81C670E32497BB7600B32676 /* AlexandriaTests */,
				81C670EE2497BB7600B32676 /* AlexandriaUITests */,
			);
		};
/* End PBXProject section */

/* Begin PBXResourcesBuildPhase section */
		81C670CC2497BB7100B32676 /* Resources */ = {
			isa = PBXResourcesBuildPhase;
			buildActionMask = 2147483647;
			files = (
				81F417E624A2F34C005193F9 /* MyProfileNameCell.xib in Resources */,
				81F417F124A2F947005193F9 /* MyProfileLogoutCell.xib in Resources */,
				81C670DE2497BB7600B32676 /* LaunchScreen.storyboard in Resources */,
				81C670DB2497BB7600B32676 /* Assets.xcassets in Resources */,
				81F750C9249980020018DF71 /* Righteous-Regular.ttf in Resources */,
				81F417E224A2F32D005193F9 /* MyProfileLogoCell.xib in Resources */,
				81F417EA24A2F370005193F9 /* MyProfileContentCell.xib in Resources */,
				81C670D92497BB7100B32676 /* Main.storyboard in Resources */,
			);
			runOnlyForDeploymentPostprocessing = 0;
		};
		81C670E22497BB7600B32676 /* Resources */ = {
			isa = PBXResourcesBuildPhase;
			buildActionMask = 2147483647;
			files = (
			);
			runOnlyForDeploymentPostprocessing = 0;
		};
		81C670ED2497BB7600B32676 /* Resources */ = {
			isa = PBXResourcesBuildPhase;
			buildActionMask = 2147483647;
			files = (
			);
			runOnlyForDeploymentPostprocessing = 0;
		};
/* End PBXResourcesBuildPhase section */

/* Begin PBXShellScriptBuildPhase section */
		109EA95433DDDFEA7A199BBB /* [CP] Check Pods Manifest.lock */ = {
			isa = PBXShellScriptBuildPhase;
			buildActionMask = 2147483647;
			files = (
			);
			inputFileListPaths = (
			);
			inputPaths = (
				"${PODS_PODFILE_DIR_PATH}/Podfile.lock",
				"${PODS_ROOT}/Manifest.lock",
			);
			name = "[CP] Check Pods Manifest.lock";
			outputFileListPaths = (
			);
			outputPaths = (
				"$(DERIVED_FILE_DIR)/Pods-Alexandria-checkManifestLockResult.txt",
			);
			runOnlyForDeploymentPostprocessing = 0;
			shellPath = /bin/sh;
			shellScript = "diff \"${PODS_PODFILE_DIR_PATH}/Podfile.lock\" \"${PODS_ROOT}/Manifest.lock\" > /dev/null\nif [ $? != 0 ] ; then\n    # print error to STDERR\n    echo \"error: The sandbox is not in sync with the Podfile.lock. Run 'pod install' or update your CocoaPods installation.\" >&2\n    exit 1\nfi\n# This output is used by Xcode 'outputs' to avoid re-running this script phase.\necho \"SUCCESS\" > \"${SCRIPT_OUTPUT_FILE_0}\"\n";
			showEnvVarsInLog = 0;
		};
		3C3DD567DE03EBA0BC99D89A /* [CP] Check Pods Manifest.lock */ = {
			isa = PBXShellScriptBuildPhase;
			buildActionMask = 2147483647;
			files = (
			);
			inputFileListPaths = (
			);
			inputPaths = (
				"${PODS_PODFILE_DIR_PATH}/Podfile.lock",
				"${PODS_ROOT}/Manifest.lock",
			);
			name = "[CP] Check Pods Manifest.lock";
			outputFileListPaths = (
			);
			outputPaths = (
				"$(DERIVED_FILE_DIR)/Pods-Alexandria-AlexandriaUITests-checkManifestLockResult.txt",
			);
			runOnlyForDeploymentPostprocessing = 0;
			shellPath = /bin/sh;
			shellScript = "diff \"${PODS_PODFILE_DIR_PATH}/Podfile.lock\" \"${PODS_ROOT}/Manifest.lock\" > /dev/null\nif [ $? != 0 ] ; then\n    # print error to STDERR\n    echo \"error: The sandbox is not in sync with the Podfile.lock. Run 'pod install' or update your CocoaPods installation.\" >&2\n    exit 1\nfi\n# This output is used by Xcode 'outputs' to avoid re-running this script phase.\necho \"SUCCESS\" > \"${SCRIPT_OUTPUT_FILE_0}\"\n";
			showEnvVarsInLog = 0;
		};
		6757F032311A4F703F2ECE61 /* [CP] Check Pods Manifest.lock */ = {
			isa = PBXShellScriptBuildPhase;
			buildActionMask = 2147483647;
			files = (
			);
			inputFileListPaths = (
			);
			inputPaths = (
				"${PODS_PODFILE_DIR_PATH}/Podfile.lock",
				"${PODS_ROOT}/Manifest.lock",
			);
			name = "[CP] Check Pods Manifest.lock";
			outputFileListPaths = (
			);
			outputPaths = (
				"$(DERIVED_FILE_DIR)/Pods-AlexandriaTests-checkManifestLockResult.txt",
			);
			runOnlyForDeploymentPostprocessing = 0;
			shellPath = /bin/sh;
			shellScript = "diff \"${PODS_PODFILE_DIR_PATH}/Podfile.lock\" \"${PODS_ROOT}/Manifest.lock\" > /dev/null\nif [ $? != 0 ] ; then\n    # print error to STDERR\n    echo \"error: The sandbox is not in sync with the Podfile.lock. Run 'pod install' or update your CocoaPods installation.\" >&2\n    exit 1\nfi\n# This output is used by Xcode 'outputs' to avoid re-running this script phase.\necho \"SUCCESS\" > \"${SCRIPT_OUTPUT_FILE_0}\"\n";
			showEnvVarsInLog = 0;
		};
		80CE26E7BF45EC2FF2EFF7F8 /* [CP] Embed Pods Frameworks */ = {
			isa = PBXShellScriptBuildPhase;
			buildActionMask = 2147483647;
			files = (
			);
			inputFileListPaths = (
				"${PODS_ROOT}/Target Support Files/Pods-Alexandria-AlexandriaUITests/Pods-Alexandria-AlexandriaUITests-frameworks-${CONFIGURATION}-input-files.xcfilelist",
			);
			name = "[CP] Embed Pods Frameworks";
			outputFileListPaths = (
				"${PODS_ROOT}/Target Support Files/Pods-Alexandria-AlexandriaUITests/Pods-Alexandria-AlexandriaUITests-frameworks-${CONFIGURATION}-output-files.xcfilelist",
			);
			runOnlyForDeploymentPostprocessing = 0;
			shellPath = /bin/sh;
			shellScript = "\"${PODS_ROOT}/Target Support Files/Pods-Alexandria-AlexandriaUITests/Pods-Alexandria-AlexandriaUITests-frameworks.sh\"\n";
			showEnvVarsInLog = 0;
		};
		C346B313CEE9F0705595D032 /* [CP] Embed Pods Frameworks */ = {
			isa = PBXShellScriptBuildPhase;
			buildActionMask = 2147483647;
			files = (
			);
			inputFileListPaths = (
				"${PODS_ROOT}/Target Support Files/Pods-Alexandria/Pods-Alexandria-frameworks-${CONFIGURATION}-input-files.xcfilelist",
			);
			name = "[CP] Embed Pods Frameworks";
			outputFileListPaths = (
				"${PODS_ROOT}/Target Support Files/Pods-Alexandria/Pods-Alexandria-frameworks-${CONFIGURATION}-output-files.xcfilelist",
			);
			runOnlyForDeploymentPostprocessing = 0;
			shellPath = /bin/sh;
			shellScript = "\"${PODS_ROOT}/Target Support Files/Pods-Alexandria/Pods-Alexandria-frameworks.sh\"\n";
			showEnvVarsInLog = 0;
		};
/* End PBXShellScriptBuildPhase section */

/* Begin PBXSourcesBuildPhase section */
		81C670CA2497BB7100B32676 /* Sources */ = {
			isa = PBXSourcesBuildPhase;
			buildActionMask = 2147483647;
			files = (
				81F417DA24A2C0DA005193F9 /* AuthenticationSource.swift in Sources */,
				81F9EE8224A04F5400931575 /* NewUserManager.swift in Sources */,
				81F750D9249BD9A60018DF71 /* CloudUser.swift in Sources */,
				81F417D824A26371005193F9 /* TabBarDelegate.swift in Sources */,
				81F750D3249B27EB0018DF71 /* UserData.swift in Sources */,
				81F417F024A2F947005193F9 /* MyProfileLogoutCell.swift in Sources */,
				81F750DB249BD9F20018DF71 /* UnloggedUser.swift in Sources */,
				81F417E124A2F32D005193F9 /* MyProfileLogoCell.swift in Sources */,
				81C6711A249936FA00B32676 /* LoginViewController.swift in Sources */,
				81C671122499365000B32676 /* MetricsViewController.swift in Sources */,
				81F750D7249BD8F00018DF71 /* Team.swift in Sources */,
				81F750CB249AFE790018DF71 /* SettingsViewController.swift in Sources */,
				81F750DD249BDA680018DF71 /* RealmDataStructures.swift in Sources */,
				81F750D1249B27CA0018DF71 /* RequestManager.swift in Sources */,
				81C6711C2499373500B32676 /* MyProfileViewController.swift in Sources */,
				81C670D62497BB7100B32676 /* MyShelvesViewController.swift in Sources */,
				81C67116249936A300B32676 /* RegisterLoginViewController.swift in Sources */,
				81F750D5249B293D0018DF71 /* Socket.swift in Sources */,
				81C671102499361C00B32676 /* MyVaultsViewController.swift in Sources */,
				81F417E524A2F34C005193F9 /* MyProfileNameCell.swift in Sources */,
				81C671142499367200B32676 /* MyTeamsViewController.swift in Sources */,
				81C670D22497BB7100B32676 /* AppDelegate.swift in Sources */,
				81C67118249936CD00B32676 /* RegisterViewController.swift in Sources */,
				81C670D42497BB7100B32676 /* SceneDelegate.swift in Sources */,
				81F417E924A2F370005193F9 /* MyProfileContentCell.swift in Sources */,
			);
			runOnlyForDeploymentPostprocessing = 0;
		};
		81C670E02497BB7600B32676 /* Sources */ = {
			isa = PBXSourcesBuildPhase;
			buildActionMask = 2147483647;
			files = (
				81C670E92497BB7600B32676 /* AlexandriaTests.swift in Sources */,
			);
			runOnlyForDeploymentPostprocessing = 0;
		};
		81C670EB2497BB7600B32676 /* Sources */ = {
			isa = PBXSourcesBuildPhase;
			buildActionMask = 2147483647;
			files = (
				81C670F42497BB7600B32676 /* AlexandriaUITests.swift in Sources */,
			);
			runOnlyForDeploymentPostprocessing = 0;
		};
/* End PBXSourcesBuildPhase section */

/* Begin PBXTargetDependency section */
		81C670E62497BB7600B32676 /* PBXTargetDependency */ = {
			isa = PBXTargetDependency;
			target = 81C670CD2497BB7100B32676 /* Alexandria */;
			targetProxy = 81C670E52497BB7600B32676 /* PBXContainerItemProxy */;
		};
		81C670F12497BB7600B32676 /* PBXTargetDependency */ = {
			isa = PBXTargetDependency;
			target = 81C670CD2497BB7100B32676 /* Alexandria */;
			targetProxy = 81C670F02497BB7600B32676 /* PBXContainerItemProxy */;
		};
/* End PBXTargetDependency section */

/* Begin PBXVariantGroup section */
		81C670D72497BB7100B32676 /* Main.storyboard */ = {
			isa = PBXVariantGroup;
			children = (
				81C670D82497BB7100B32676 /* Base */,
			);
			name = Main.storyboard;
			sourceTree = "<group>";
		};
		81C670DC2497BB7600B32676 /* LaunchScreen.storyboard */ = {
			isa = PBXVariantGroup;
			children = (
				81C670DD2497BB7600B32676 /* Base */,
			);
			name = LaunchScreen.storyboard;
			sourceTree = "<group>";
		};
/* End PBXVariantGroup section */

/* Begin XCBuildConfiguration section */
		81C670F62497BB7600B32676 /* Debug */ = {
			isa = XCBuildConfiguration;
			buildSettings = {
				ALWAYS_SEARCH_USER_PATHS = NO;
				CLANG_ANALYZER_NONNULL = YES;
				CLANG_ANALYZER_NUMBER_OBJECT_CONVERSION = YES_AGGRESSIVE;
				CLANG_CXX_LANGUAGE_STANDARD = "gnu++14";
				CLANG_CXX_LIBRARY = "libc++";
				CLANG_ENABLE_MODULES = YES;
				CLANG_ENABLE_OBJC_ARC = YES;
				CLANG_ENABLE_OBJC_WEAK = YES;
				CLANG_WARN_BLOCK_CAPTURE_AUTORELEASING = YES;
				CLANG_WARN_BOOL_CONVERSION = YES;
				CLANG_WARN_COMMA = YES;
				CLANG_WARN_CONSTANT_CONVERSION = YES;
				CLANG_WARN_DEPRECATED_OBJC_IMPLEMENTATIONS = YES;
				CLANG_WARN_DIRECT_OBJC_ISA_USAGE = YES_ERROR;
				CLANG_WARN_DOCUMENTATION_COMMENTS = YES;
				CLANG_WARN_EMPTY_BODY = YES;
				CLANG_WARN_ENUM_CONVERSION = YES;
				CLANG_WARN_INFINITE_RECURSION = YES;
				CLANG_WARN_INT_CONVERSION = YES;
				CLANG_WARN_NON_LITERAL_NULL_CONVERSION = YES;
				CLANG_WARN_OBJC_IMPLICIT_RETAIN_SELF = YES;
				CLANG_WARN_OBJC_LITERAL_CONVERSION = YES;
				CLANG_WARN_OBJC_ROOT_CLASS = YES_ERROR;
				CLANG_WARN_RANGE_LOOP_ANALYSIS = YES;
				CLANG_WARN_STRICT_PROTOTYPES = YES;
				CLANG_WARN_SUSPICIOUS_MOVE = YES;
				CLANG_WARN_UNGUARDED_AVAILABILITY = YES_AGGRESSIVE;
				CLANG_WARN_UNREACHABLE_CODE = YES;
				CLANG_WARN__DUPLICATE_METHOD_MATCH = YES;
				COPY_PHASE_STRIP = NO;
				DEBUG_INFORMATION_FORMAT = dwarf;
				ENABLE_STRICT_OBJC_MSGSEND = YES;
				ENABLE_TESTABILITY = YES;
				GCC_C_LANGUAGE_STANDARD = gnu11;
				GCC_DYNAMIC_NO_PIC = NO;
				GCC_NO_COMMON_BLOCKS = YES;
				GCC_OPTIMIZATION_LEVEL = 0;
				GCC_PREPROCESSOR_DEFINITIONS = (
					"DEBUG=1",
					"$(inherited)",
				);
				GCC_WARN_64_TO_32_BIT_CONVERSION = YES;
				GCC_WARN_ABOUT_RETURN_TYPE = YES_ERROR;
				GCC_WARN_UNDECLARED_SELECTOR = YES;
				GCC_WARN_UNINITIALIZED_AUTOS = YES_AGGRESSIVE;
				GCC_WARN_UNUSED_FUNCTION = YES;
				GCC_WARN_UNUSED_VARIABLE = YES;
				IPHONEOS_DEPLOYMENT_TARGET = 13.5;
				MTL_ENABLE_DEBUG_INFO = INCLUDE_SOURCE;
				MTL_FAST_MATH = YES;
				ONLY_ACTIVE_ARCH = YES;
				SDKROOT = iphoneos;
				SWIFT_ACTIVE_COMPILATION_CONDITIONS = DEBUG;
				SWIFT_OPTIMIZATION_LEVEL = "-Onone";
			};
			name = Debug;
		};
		81C670F72497BB7600B32676 /* Release */ = {
			isa = XCBuildConfiguration;
			buildSettings = {
				ALWAYS_SEARCH_USER_PATHS = NO;
				CLANG_ANALYZER_NONNULL = YES;
				CLANG_ANALYZER_NUMBER_OBJECT_CONVERSION = YES_AGGRESSIVE;
				CLANG_CXX_LANGUAGE_STANDARD = "gnu++14";
				CLANG_CXX_LIBRARY = "libc++";
				CLANG_ENABLE_MODULES = YES;
				CLANG_ENABLE_OBJC_ARC = YES;
				CLANG_ENABLE_OBJC_WEAK = YES;
				CLANG_WARN_BLOCK_CAPTURE_AUTORELEASING = YES;
				CLANG_WARN_BOOL_CONVERSION = YES;
				CLANG_WARN_COMMA = YES;
				CLANG_WARN_CONSTANT_CONVERSION = YES;
				CLANG_WARN_DEPRECATED_OBJC_IMPLEMENTATIONS = YES;
				CLANG_WARN_DIRECT_OBJC_ISA_USAGE = YES_ERROR;
				CLANG_WARN_DOCUMENTATION_COMMENTS = YES;
				CLANG_WARN_EMPTY_BODY = YES;
				CLANG_WARN_ENUM_CONVERSION = YES;
				CLANG_WARN_INFINITE_RECURSION = YES;
				CLANG_WARN_INT_CONVERSION = YES;
				CLANG_WARN_NON_LITERAL_NULL_CONVERSION = YES;
				CLANG_WARN_OBJC_IMPLICIT_RETAIN_SELF = YES;
				CLANG_WARN_OBJC_LITERAL_CONVERSION = YES;
				CLANG_WARN_OBJC_ROOT_CLASS = YES_ERROR;
				CLANG_WARN_RANGE_LOOP_ANALYSIS = YES;
				CLANG_WARN_STRICT_PROTOTYPES = YES;
				CLANG_WARN_SUSPICIOUS_MOVE = YES;
				CLANG_WARN_UNGUARDED_AVAILABILITY = YES_AGGRESSIVE;
				CLANG_WARN_UNREACHABLE_CODE = YES;
				CLANG_WARN__DUPLICATE_METHOD_MATCH = YES;
				COPY_PHASE_STRIP = NO;
				DEBUG_INFORMATION_FORMAT = "dwarf-with-dsym";
				ENABLE_NS_ASSERTIONS = NO;
				ENABLE_STRICT_OBJC_MSGSEND = YES;
				GCC_C_LANGUAGE_STANDARD = gnu11;
				GCC_NO_COMMON_BLOCKS = YES;
				GCC_WARN_64_TO_32_BIT_CONVERSION = YES;
				GCC_WARN_ABOUT_RETURN_TYPE = YES_ERROR;
				GCC_WARN_UNDECLARED_SELECTOR = YES;
				GCC_WARN_UNINITIALIZED_AUTOS = YES_AGGRESSIVE;
				GCC_WARN_UNUSED_FUNCTION = YES;
				GCC_WARN_UNUSED_VARIABLE = YES;
				IPHONEOS_DEPLOYMENT_TARGET = 13.5;
				MTL_ENABLE_DEBUG_INFO = NO;
				MTL_FAST_MATH = YES;
				SDKROOT = iphoneos;
				SWIFT_COMPILATION_MODE = wholemodule;
				SWIFT_OPTIMIZATION_LEVEL = "-O";
				VALIDATE_PRODUCT = YES;
			};
			name = Release;
		};
		81C670F92497BB7600B32676 /* Debug */ = {
			isa = XCBuildConfiguration;
			baseConfigurationReference = B1508565DC432DCBB3BFAF81 /* Pods-Alexandria.debug.xcconfig */;
			buildSettings = {
				ASSETCATALOG_COMPILER_APPICON_NAME = AppIcon;
				CODE_SIGN_ENTITLEMENTS = Alexandria/Alexandria.entitlements;
				CODE_SIGN_STYLE = Automatic;
				DEVELOPMENT_TEAM = U9D3L3WWWY;
				INFOPLIST_FILE = Alexandria/Info.plist;
				LD_RUNPATH_SEARCH_PATHS = (
					"$(inherited)",
					"@executable_path/Frameworks",
				);
				PRODUCT_BUNDLE_IDENTIFIER = app.bitfrost.alexandria.education;
				PRODUCT_NAME = "$(TARGET_NAME)";
				SUPPORTS_MACCATALYST = YES;
				SWIFT_VERSION = 5.0;
				TARGETED_DEVICE_FAMILY = "1,2";
			};
			name = Debug;
		};
		81C670FA2497BB7600B32676 /* Release */ = {
			isa = XCBuildConfiguration;
			baseConfigurationReference = D04BA13C3211C9E35B91901C /* Pods-Alexandria.release.xcconfig */;
			buildSettings = {
				ASSETCATALOG_COMPILER_APPICON_NAME = AppIcon;
				CODE_SIGN_ENTITLEMENTS = Alexandria/Alexandria.entitlements;
				CODE_SIGN_STYLE = Automatic;
				DEVELOPMENT_TEAM = U9D3L3WWWY;
				INFOPLIST_FILE = Alexandria/Info.plist;
				LD_RUNPATH_SEARCH_PATHS = (
					"$(inherited)",
					"@executable_path/Frameworks",
				);
				PRODUCT_BUNDLE_IDENTIFIER = app.bitfrost.alexandria.education;
				PRODUCT_NAME = "$(TARGET_NAME)";
				SUPPORTS_MACCATALYST = YES;
				SWIFT_VERSION = 5.0;
				TARGETED_DEVICE_FAMILY = "1,2";
			};
			name = Release;
		};
		81C670FC2497BB7600B32676 /* Debug */ = {
			isa = XCBuildConfiguration;
			baseConfigurationReference = 260328704970FA6A32394656 /* Pods-AlexandriaTests.debug.xcconfig */;
			buildSettings = {
				ALWAYS_EMBED_SWIFT_STANDARD_LIBRARIES = YES;
				BUNDLE_LOADER = "$(TEST_HOST)";
				CODE_SIGN_STYLE = Automatic;
				DEVELOPMENT_TEAM = U9D3L3WWWY;
				INFOPLIST_FILE = AlexandriaTests/Info.plist;
				IPHONEOS_DEPLOYMENT_TARGET = 13.5;
				LD_RUNPATH_SEARCH_PATHS = (
					"$(inherited)",
					"@executable_path/Frameworks",
					"@loader_path/Frameworks",
				);
				PRODUCT_BUNDLE_IDENTIFIER = app.bitfrost.AlexandriaTests;
				PRODUCT_NAME = "$(TARGET_NAME)";
				SWIFT_VERSION = 5.0;
				TARGETED_DEVICE_FAMILY = "1,2";
				TEST_HOST = "$(BUILT_PRODUCTS_DIR)/Alexandria.app/Alexandria";
			};
			name = Debug;
		};
		81C670FD2497BB7600B32676 /* Release */ = {
			isa = XCBuildConfiguration;
			baseConfigurationReference = ABE32B38628FBEC67C166EDE /* Pods-AlexandriaTests.release.xcconfig */;
			buildSettings = {
				ALWAYS_EMBED_SWIFT_STANDARD_LIBRARIES = YES;
				BUNDLE_LOADER = "$(TEST_HOST)";
				CODE_SIGN_STYLE = Automatic;
				DEVELOPMENT_TEAM = U9D3L3WWWY;
				INFOPLIST_FILE = AlexandriaTests/Info.plist;
				IPHONEOS_DEPLOYMENT_TARGET = 13.5;
				LD_RUNPATH_SEARCH_PATHS = (
					"$(inherited)",
					"@executable_path/Frameworks",
					"@loader_path/Frameworks",
				);
				PRODUCT_BUNDLE_IDENTIFIER = app.bitfrost.AlexandriaTests;
				PRODUCT_NAME = "$(TARGET_NAME)";
				SWIFT_VERSION = 5.0;
				TARGETED_DEVICE_FAMILY = "1,2";
				TEST_HOST = "$(BUILT_PRODUCTS_DIR)/Alexandria.app/Alexandria";
			};
			name = Release;
		};
		81C670FF2497BB7600B32676 /* Debug */ = {
			isa = XCBuildConfiguration;
			baseConfigurationReference = 70AF4C99E9126B66330ED29E /* Pods-Alexandria-AlexandriaUITests.debug.xcconfig */;
			buildSettings = {
				ALWAYS_EMBED_SWIFT_STANDARD_LIBRARIES = YES;
				CODE_SIGN_STYLE = Automatic;
				DEVELOPMENT_TEAM = U9D3L3WWWY;
				INFOPLIST_FILE = AlexandriaUITests/Info.plist;
				LD_RUNPATH_SEARCH_PATHS = (
					"$(inherited)",
					"@executable_path/Frameworks",
					"@loader_path/Frameworks",
				);
				PRODUCT_BUNDLE_IDENTIFIER = app.bitfrost.AlexandriaUITests;
				PRODUCT_NAME = "$(TARGET_NAME)";
				SWIFT_VERSION = 5.0;
				TARGETED_DEVICE_FAMILY = "1,2";
				TEST_TARGET_NAME = Alexandria;
			};
			name = Debug;
		};
		81C671002497BB7600B32676 /* Release */ = {
			isa = XCBuildConfiguration;
			baseConfigurationReference = 820B1FFEF539BD498C602FEE /* Pods-Alexandria-AlexandriaUITests.release.xcconfig */;
			buildSettings = {
				ALWAYS_EMBED_SWIFT_STANDARD_LIBRARIES = YES;
				CODE_SIGN_STYLE = Automatic;
				DEVELOPMENT_TEAM = U9D3L3WWWY;
				INFOPLIST_FILE = AlexandriaUITests/Info.plist;
				LD_RUNPATH_SEARCH_PATHS = (
					"$(inherited)",
					"@executable_path/Frameworks",
					"@loader_path/Frameworks",
				);
				PRODUCT_BUNDLE_IDENTIFIER = app.bitfrost.AlexandriaUITests;
				PRODUCT_NAME = "$(TARGET_NAME)";
				SWIFT_VERSION = 5.0;
				TARGETED_DEVICE_FAMILY = "1,2";
				TEST_TARGET_NAME = Alexandria;
			};
			name = Release;
		};
/* End XCBuildConfiguration section */

/* Begin XCConfigurationList section */
		81C670C92497BB7100B32676 /* Build configuration list for PBXProject "Alexandria" */ = {
			isa = XCConfigurationList;
			buildConfigurations = (
				81C670F62497BB7600B32676 /* Debug */,
				81C670F72497BB7600B32676 /* Release */,
			);
			defaultConfigurationIsVisible = 0;
			defaultConfigurationName = Release;
		};
		81C670F82497BB7600B32676 /* Build configuration list for PBXNativeTarget "Alexandria" */ = {
			isa = XCConfigurationList;
			buildConfigurations = (
				81C670F92497BB7600B32676 /* Debug */,
				81C670FA2497BB7600B32676 /* Release */,
			);
			defaultConfigurationIsVisible = 0;
			defaultConfigurationName = Release;
		};
		81C670FB2497BB7600B32676 /* Build configuration list for PBXNativeTarget "AlexandriaTests" */ = {
			isa = XCConfigurationList;
			buildConfigurations = (
				81C670FC2497BB7600B32676 /* Debug */,
				81C670FD2497BB7600B32676 /* Release */,
			);
			defaultConfigurationIsVisible = 0;
			defaultConfigurationName = Release;
		};
		81C670FE2497BB7600B32676 /* Build configuration list for PBXNativeTarget "AlexandriaUITests" */ = {
			isa = XCConfigurationList;
			buildConfigurations = (
				81C670FF2497BB7600B32676 /* Debug */,
				81C671002497BB7600B32676 /* Release */,
			);
			defaultConfigurationIsVisible = 0;
			defaultConfigurationName = Release;
		};
/* End XCConfigurationList section */

/* Begin XCRemoteSwiftPackageReference section */
		81C671012497BDBD00B32676 /* XCRemoteSwiftPackageReference "realm-cocoa" */ = {
			isa = XCRemoteSwiftPackageReference;
			repositoryURL = "https://github.com/realm/realm-cocoa.git";
			requirement = {
				kind = upToNextMajorVersion;
				minimumVersion = 5.0.3;
			};
		};
/* End XCRemoteSwiftPackageReference section */

/* Begin XCSwiftPackageProductDependency section */
		81C671022497BDBD00B32676 /* Realm */ = {
			isa = XCSwiftPackageProductDependency;
			package = 81C671012497BDBD00B32676 /* XCRemoteSwiftPackageReference "realm-cocoa" */;
			productName = Realm;
		};
		81C671042497BDBD00B32676 /* RealmSwift */ = {
			isa = XCSwiftPackageProductDependency;
			package = 81C671012497BDBD00B32676 /* XCRemoteSwiftPackageReference "realm-cocoa" */;
			productName = RealmSwift;
		};
/* End XCSwiftPackageProductDependency section */
	};
	rootObject = 81C670C62497BB7100B32676 /* Project object */;
}
